// !$*UTF8*$!
{
	archiveVersion = 1;
	classes = {
	};
	objectVersion = 54;
	objects = {

/* Begin PBXBuildFile section */
		E20CF4BD299C7F6200F0E003 /* SceneDelegate.swift in Sources */ = {isa = PBXBuildFile; fileRef = E20CF4BC299C7F6200F0E003 /* SceneDelegate.swift */; };
		E20CF4C7299C7F6300F0E003 /* LaunchScreen.storyboard in Resources */ = {isa = PBXBuildFile; fileRef = E20CF4C5299C7F6300F0E003 /* LaunchScreen.storyboard */; };
		E20CF4CC299C7F8100F0E003 /* TableDetailsView.swift in Sources */ = {isa = PBXBuildFile; fileRef = E26B849B25EDA4F400080052 /* TableDetailsView.swift */; };
		E20CF4CD299C7F8400F0E003 /* ContentView.swift in Sources */ = {isa = PBXBuildFile; fileRef = E230C4A425AE7B31005DCB55 /* ContentView.swift */; };
		E20CF4CE299C7F8C00F0E003 /* AppDelegate.swift in Sources */ = {isa = PBXBuildFile; fileRef = E20CF4B2299C7E2A00F0E003 /* AppDelegate.swift */; };
		E20CF4CF299C7F9700F0E003 /* Images.xcassets in Resources */ = {isa = PBXBuildFile; fileRef = E24696C22880B69E00485518 /* Images.xcassets */; };
		E20CF4D2299C804C00F0E003 /* MIDIKit in Frameworks */ = {isa = PBXBuildFile; productRef = E20CF4D1299C804C00F0E003 /* MIDIKit */; };
		E230C4A325AE7B31005DCB55 /* AppDelegate.swift in Sources */ = {isa = PBXBuildFile; fileRef = E230C4A225AE7B31005DCB55 /* AppDelegate.swift */; };
		E230C4A525AE7B31005DCB55 /* ContentView.swift in Sources */ = {isa = PBXBuildFile; fileRef = E230C4A425AE7B31005DCB55 /* ContentView.swift */; };
		E230C4AD25AE7B33005DCB55 /* Main.storyboard in Resources */ = {isa = PBXBuildFile; fileRef = E230C4AB25AE7B33005DCB55 /* Main.storyboard */; };
		E23AD70E2AFE1C5400A69A01 /* DeviceTreeView.swift in Sources */ = {isa = PBXBuildFile; fileRef = E23AD70D2AFE1C5400A69A01 /* DeviceTreeView.swift */; };
		E23AD70F2AFE1C5400A69A01 /* DeviceTreeView.swift in Sources */ = {isa = PBXBuildFile; fileRef = E23AD70D2AFE1C5400A69A01 /* DeviceTreeView.swift */; };
		E23AD7112AFE1C8700A69A01 /* OtherInputsView.swift in Sources */ = {isa = PBXBuildFile; fileRef = E23AD7102AFE1C8700A69A01 /* OtherInputsView.swift */; };
		E23AD7122AFE1C8700A69A01 /* OtherInputsView.swift in Sources */ = {isa = PBXBuildFile; fileRef = E23AD7102AFE1C8700A69A01 /* OtherInputsView.swift */; };
		E23AD7142AFE1CAC00A69A01 /* OtherOutputsView.swift in Sources */ = {isa = PBXBuildFile; fileRef = E23AD7132AFE1CAC00A69A01 /* OtherOutputsView.swift */; };
		E23AD7152AFE1CAC00A69A01 /* OtherOutputsView.swift in Sources */ = {isa = PBXBuildFile; fileRef = E23AD7132AFE1CAC00A69A01 /* OtherOutputsView.swift */; };
		E23AD7172AFE1CF000A69A01 /* ItemIcon.swift in Sources */ = {isa = PBXBuildFile; fileRef = E23AD7162AFE1CF000A69A01 /* ItemIcon.swift */; };
		E23AD7182AFE1CF000A69A01 /* ItemIcon.swift in Sources */ = {isa = PBXBuildFile; fileRef = E23AD7162AFE1CF000A69A01 /* ItemIcon.swift */; };
		E23AD71C2AFE1E3800A69A01 /* EmptyDetailsView.swift in Sources */ = {isa = PBXBuildFile; fileRef = E23AD71B2AFE1E3800A69A01 /* EmptyDetailsView.swift */; };
		E23AD71D2AFE1E3800A69A01 /* EmptyDetailsView.swift in Sources */ = {isa = PBXBuildFile; fileRef = E23AD71B2AFE1E3800A69A01 /* EmptyDetailsView.swift */; };
		E23AD71F2AFE1E5600A69A01 /* DetailsView.swift in Sources */ = {isa = PBXBuildFile; fileRef = E23AD71E2AFE1E5600A69A01 /* DetailsView.swift */; };
		E23AD7202AFE1E5600A69A01 /* DetailsView.swift in Sources */ = {isa = PBXBuildFile; fileRef = E23AD71E2AFE1E5600A69A01 /* DetailsView.swift */; };
		E23AD7222AFE1E8700A69A01 /* Details Content.swift in Sources */ = {isa = PBXBuildFile; fileRef = E23AD7212AFE1E8700A69A01 /* Details Content.swift */; };
		E23AD7232AFE1E8700A69A01 /* Details Content.swift in Sources */ = {isa = PBXBuildFile; fileRef = E23AD7212AFE1E8700A69A01 /* Details Content.swift */; };
		E23AD7252AFE1EC000A69A01 /* Property.swift in Sources */ = {isa = PBXBuildFile; fileRef = E23AD7242AFE1EC000A69A01 /* Property.swift */; };
		E23AD7262AFE1EC000A69A01 /* Property.swift in Sources */ = {isa = PBXBuildFile; fileRef = E23AD7242AFE1EC000A69A01 /* Property.swift */; };
		E23AD7282AFE1EE700A69A01 /* LegacyDetailsView.swift in Sources */ = {isa = PBXBuildFile; fileRef = E23AD7272AFE1EE700A69A01 /* LegacyDetailsView.swift */; };
		E23AD7292AFE1EE700A69A01 /* LegacyDetailsView.swift in Sources */ = {isa = PBXBuildFile; fileRef = E23AD7272AFE1EE700A69A01 /* LegacyDetailsView.swift */; };
		E24696C32880B69E00485518 /* Images.xcassets in Resources */ = {isa = PBXBuildFile; fileRef = E24696C22880B69E00485518 /* Images.xcassets */; };
		E24D200B25BE75D90095BDE5 /* MIDIKit in Frameworks */ = {isa = PBXBuildFile; productRef = E24D200A25BE75D90095BDE5 /* MIDIKit */; };
		E26B849C25EDA4F400080052 /* TableDetailsView.swift in Sources */ = {isa = PBXBuildFile; fileRef = E26B849B25EDA4F400080052 /* TableDetailsView.swift */; };
		E29AC90F285BEFF4009D1C2C /* MIDIKit in Frameworks */ = {isa = PBXBuildFile; productRef = E29AC90E285BEFF4009D1C2C /* MIDIKit */; };
/* End PBXBuildFile section */

/* Begin PBXFileReference section */
		E20CF4B2299C7E2A00F0E003 /* AppDelegate.swift */ = {isa = PBXFileReference; lastKnownFileType = sourcecode.swift; path = AppDelegate.swift; sourceTree = "<group>"; };
		E20CF4B8299C7F6200F0E003 /* MIDISystemInfo iOS.app */ = {isa = PBXFileReference; explicitFileType = wrapper.application; includeInIndex = 0; path = "MIDISystemInfo iOS.app"; sourceTree = BUILT_PRODUCTS_DIR; };
		E20CF4BC299C7F6200F0E003 /* SceneDelegate.swift */ = {isa = PBXFileReference; lastKnownFileType = sourcecode.swift; path = SceneDelegate.swift; sourceTree = "<group>"; };
		E20CF4C6299C7F6300F0E003 /* Base */ = {isa = PBXFileReference; lastKnownFileType = file.storyboard; name = Base; path = Base.lproj/LaunchScreen.storyboard; sourceTree = "<group>"; };
		E20CF4C8299C7F6300F0E003 /* Info.plist */ = {isa = PBXFileReference; lastKnownFileType = text.plist.xml; path = Info.plist; sourceTree = "<group>"; };
		E230C49F25AE7B31005DCB55 /* MIDISystemInfo macOS.app */ = {isa = PBXFileReference; explicitFileType = wrapper.application; includeInIndex = 0; path = "MIDISystemInfo macOS.app"; sourceTree = BUILT_PRODUCTS_DIR; };
		E230C4A225AE7B31005DCB55 /* AppDelegate.swift */ = {isa = PBXFileReference; lastKnownFileType = sourcecode.swift; path = AppDelegate.swift; sourceTree = "<group>"; };
		E230C4A425AE7B31005DCB55 /* ContentView.swift */ = {isa = PBXFileReference; lastKnownFileType = sourcecode.swift; path = ContentView.swift; sourceTree = "<group>"; };
		E230C4AC25AE7B33005DCB55 /* Base */ = {isa = PBXFileReference; lastKnownFileType = file.storyboard; name = Base; path = Base.lproj/Main.storyboard; sourceTree = "<group>"; };
		E230C4AE25AE7B33005DCB55 /* Info.plist */ = {isa = PBXFileReference; lastKnownFileType = text.plist.xml; path = Info.plist; sourceTree = "<group>"; };
		E230C4AF25AE7B33005DCB55 /* MIDISystemInfo.entitlements */ = {isa = PBXFileReference; lastKnownFileType = text.plist.entitlements; path = MIDISystemInfo.entitlements; sourceTree = "<group>"; };
		E23AD70D2AFE1C5400A69A01 /* DeviceTreeView.swift */ = {isa = PBXFileReference; lastKnownFileType = sourcecode.swift; path = DeviceTreeView.swift; sourceTree = "<group>"; };
		E23AD7102AFE1C8700A69A01 /* OtherInputsView.swift */ = {isa = PBXFileReference; lastKnownFileType = sourcecode.swift; path = OtherInputsView.swift; sourceTree = "<group>"; };
		E23AD7132AFE1CAC00A69A01 /* OtherOutputsView.swift */ = {isa = PBXFileReference; fileEncoding = 4; lastKnownFileType = sourcecode.swift; path = OtherOutputsView.swift; sourceTree = "<group>"; };
		E23AD7162AFE1CF000A69A01 /* ItemIcon.swift */ = {isa = PBXFileReference; fileEncoding = 4; lastKnownFileType = sourcecode.swift; path = ItemIcon.swift; sourceTree = "<group>"; };
		E23AD71B2AFE1E3800A69A01 /* EmptyDetailsView.swift */ = {isa = PBXFileReference; fileEncoding = 4; lastKnownFileType = sourcecode.swift; path = EmptyDetailsView.swift; sourceTree = "<group>"; };
		E23AD71E2AFE1E5600A69A01 /* DetailsView.swift */ = {isa = PBXFileReference; fileEncoding = 4; lastKnownFileType = sourcecode.swift; path = DetailsView.swift; sourceTree = "<group>"; };
		E23AD7212AFE1E8700A69A01 /* Details Content.swift */ = {isa = PBXFileReference; lastKnownFileType = sourcecode.swift; path = "Details Content.swift"; sourceTree = "<group>"; };
		E23AD7242AFE1EC000A69A01 /* Property.swift */ = {isa = PBXFileReference; lastKnownFileType = sourcecode.swift; path = Property.swift; sourceTree = "<group>"; };
		E23AD7272AFE1EE700A69A01 /* LegacyDetailsView.swift */ = {isa = PBXFileReference; fileEncoding = 4; lastKnownFileType = sourcecode.swift; path = LegacyDetailsView.swift; sourceTree = "<group>"; };
		E24696C22880B69E00485518 /* Images.xcassets */ = {isa = PBXFileReference; lastKnownFileType = folder.assetcatalog; path = Images.xcassets; sourceTree = "<group>"; };
		E26B849B25EDA4F400080052 /* TableDetailsView.swift */ = {isa = PBXFileReference; lastKnownFileType = sourcecode.swift; path = TableDetailsView.swift; sourceTree = "<group>"; };
/* End PBXFileReference section */

/* Begin PBXFrameworksBuildPhase section */
		E20CF4B5299C7F6200F0E003 /* Frameworks */ = {
			isa = PBXFrameworksBuildPhase;
			buildActionMask = 2147483647;
			files = (
				E20CF4D2299C804C00F0E003 /* MIDIKit in Frameworks */,
			);
			runOnlyForDeploymentPostprocessing = 0;
		};
		E230C49C25AE7B31005DCB55 /* Frameworks */ = {
			isa = PBXFrameworksBuildPhase;
			buildActionMask = 2147483647;
			files = (
				E29AC90F285BEFF4009D1C2C /* MIDIKit in Frameworks */,
				E24D200B25BE75D90095BDE5 /* MIDIKit in Frameworks */,
			);
			runOnlyForDeploymentPostprocessing = 0;
		};
/* End PBXFrameworksBuildPhase section */

/* Begin PBXGroup section */
		E20CF4B0299C7DE300F0E003 /* macOS */ = {
			isa = PBXGroup;
			children = (
				E230C4A225AE7B31005DCB55 /* AppDelegate.swift */,
				E230C4AB25AE7B33005DCB55 /* Main.storyboard */,
				E230C4AE25AE7B33005DCB55 /* Info.plist */,
				E230C4AF25AE7B33005DCB55 /* MIDISystemInfo.entitlements */,
			);
			path = macOS;
			sourceTree = "<group>";
		};
		E20CF4B1299C7E1B00F0E003 /* iOS */ = {
			isa = PBXGroup;
			children = (
				E20CF4B2299C7E2A00F0E003 /* AppDelegate.swift */,
				E20CF4BC299C7F6200F0E003 /* SceneDelegate.swift */,
				E20CF4C5299C7F6300F0E003 /* LaunchScreen.storyboard */,
				E20CF4C8299C7F6300F0E003 /* Info.plist */,
			);
			path = iOS;
			sourceTree = "<group>";
		};
		E230C49625AE7B31005DCB55 = {
			isa = PBXGroup;
			children = (
				E230C4A125AE7B31005DCB55 /* MIDISystemInfo */,
				E230C4A025AE7B31005DCB55 /* Products */,
			);
			sourceTree = "<group>";
		};
		E230C4A025AE7B31005DCB55 /* Products */ = {
			isa = PBXGroup;
			children = (
				E230C49F25AE7B31005DCB55 /* MIDISystemInfo macOS.app */,
				E20CF4B8299C7F6200F0E003 /* MIDISystemInfo iOS.app */,
			);
			name = Products;
			sourceTree = "<group>";
		};
		E230C4A125AE7B31005DCB55 /* MIDISystemInfo */ = {
			isa = PBXGroup;
			children = (
				E20CF4B1299C7E1B00F0E003 /* iOS */,
				E20CF4B0299C7DE300F0E003 /* macOS */,
				E23AD7192AFE1DF200A69A01 /* Navigation */,
				E23AD71A2AFE1E1800A69A01 /* Details */,
				E24696C22880B69E00485518 /* Images.xcassets */,
			);
			path = MIDISystemInfo;
			sourceTree = "<group>";
		};
		E23AD7192AFE1DF200A69A01 /* Navigation */ = {
			isa = PBXGroup;
			children = (
				E230C4A425AE7B31005DCB55 /* ContentView.swift */,
				E23AD70D2AFE1C5400A69A01 /* DeviceTreeView.swift */,
				E23AD7102AFE1C8700A69A01 /* OtherInputsView.swift */,
				E23AD7132AFE1CAC00A69A01 /* OtherOutputsView.swift */,
				E23AD7162AFE1CF000A69A01 /* ItemIcon.swift */,
			);
			path = Navigation;
			sourceTree = "<group>";
		};
		E23AD71A2AFE1E1800A69A01 /* Details */ = {
			isa = PBXGroup;
			children = (
				E23AD7212AFE1E8700A69A01 /* Details Content.swift */,
				E23AD7242AFE1EC000A69A01 /* Property.swift */,
				E23AD71E2AFE1E5600A69A01 /* DetailsView.swift */,
				E23AD71B2AFE1E3800A69A01 /* EmptyDetailsView.swift */,
				E23AD7272AFE1EE700A69A01 /* LegacyDetailsView.swift */,
				E26B849B25EDA4F400080052 /* TableDetailsView.swift */,
			);
			path = Details;
			sourceTree = "<group>";
		};
/* End PBXGroup section */

/* Begin PBXNativeTarget section */
		E20CF4B7299C7F6200F0E003 /* MIDISystemInfo iOS */ = {
			isa = PBXNativeTarget;
			buildConfigurationList = E20CF4CB299C7F6300F0E003 /* Build configuration list for PBXNativeTarget "MIDISystemInfo iOS" */;
			buildPhases = (
				E20CF4B4299C7F6200F0E003 /* Sources */,
				E20CF4B5299C7F6200F0E003 /* Frameworks */,
				E20CF4B6299C7F6200F0E003 /* Resources */,
			);
			buildRules = (
			);
			dependencies = (
			);
			name = "MIDISystemInfo iOS";
			packageProductDependencies = (
				E20CF4D1299C804C00F0E003 /* MIDIKit */,
			);
			productName = "MIDISystemInfo iOS";
			productReference = E20CF4B8299C7F6200F0E003 /* MIDISystemInfo iOS.app */;
			productType = "com.apple.product-type.application";
		};
		E230C49E25AE7B31005DCB55 /* MIDISystemInfo macOS */ = {
			isa = PBXNativeTarget;
			buildConfigurationList = E230C4C825AE7B33005DCB55 /* Build configuration list for PBXNativeTarget "MIDISystemInfo macOS" */;
			buildPhases = (
				E230C49B25AE7B31005DCB55 /* Sources */,
				E230C49C25AE7B31005DCB55 /* Frameworks */,
				E230C49D25AE7B31005DCB55 /* Resources */,
			);
			buildRules = (
			);
			dependencies = (
			);
			name = "MIDISystemInfo macOS";
			packageProductDependencies = (
				E24D200A25BE75D90095BDE5 /* MIDIKit */,
				E29AC90E285BEFF4009D1C2C /* MIDIKit */,
			);
			productName = MIDISystemInfo;
			productReference = E230C49F25AE7B31005DCB55 /* MIDISystemInfo macOS.app */;
			productType = "com.apple.product-type.application";
		};
/* End PBXNativeTarget section */

/* Begin PBXProject section */
		E230C49725AE7B31005DCB55 /* Project object */ = {
			isa = PBXProject;
			attributes = {
				BuildIndependentTargetsInParallel = YES;
				LastSwiftUpdateCheck = 1420;
				LastUpgradeCheck = 1500;
				TargetAttributes = {
					E20CF4B7299C7F6200F0E003 = {
						CreatedOnToolsVersion = 14.2;
					};
					E230C49E25AE7B31005DCB55 = {
						CreatedOnToolsVersion = 12.3;
					};
				};
			};
			buildConfigurationList = E230C49A25AE7B31005DCB55 /* Build configuration list for PBXProject "MIDISystemInfo" */;
			compatibilityVersion = "Xcode 9.3";
			developmentRegion = en;
			hasScannedForEncodings = 0;
			knownRegions = (
				en,
				Base,
			);
			mainGroup = E230C49625AE7B31005DCB55;
			packageReferences = (
				E29AC90D285BEFF4009D1C2C /* XCRemoteSwiftPackageReference "MIDIKit" */,
			);
			productRefGroup = E230C4A025AE7B31005DCB55 /* Products */;
			projectDirPath = "";
			projectRoot = "";
			targets = (
				E230C49E25AE7B31005DCB55 /* MIDISystemInfo macOS */,
				E20CF4B7299C7F6200F0E003 /* MIDISystemInfo iOS */,
			);
		};
/* End PBXProject section */

/* Begin PBXResourcesBuildPhase section */
		E20CF4B6299C7F6200F0E003 /* Resources */ = {
			isa = PBXResourcesBuildPhase;
			buildActionMask = 2147483647;
			files = (
				E20CF4C7299C7F6300F0E003 /* LaunchScreen.storyboard in Resources */,
				E20CF4CF299C7F9700F0E003 /* Images.xcassets in Resources */,
			);
			runOnlyForDeploymentPostprocessing = 0;
		};
		E230C49D25AE7B31005DCB55 /* Resources */ = {
			isa = PBXResourcesBuildPhase;
			buildActionMask = 2147483647;
			files = (
				E230C4AD25AE7B33005DCB55 /* Main.storyboard in Resources */,
				E24696C32880B69E00485518 /* Images.xcassets in Resources */,
			);
			runOnlyForDeploymentPostprocessing = 0;
		};
/* End PBXResourcesBuildPhase section */

/* Begin PBXSourcesBuildPhase section */
		E20CF4B4299C7F6200F0E003 /* Sources */ = {
			isa = PBXSourcesBuildPhase;
			buildActionMask = 2147483647;
			files = (
				E20CF4CE299C7F8C00F0E003 /* AppDelegate.swift in Sources */,
				E23AD7182AFE1CF000A69A01 /* ItemIcon.swift in Sources */,
				E23AD7122AFE1C8700A69A01 /* OtherInputsView.swift in Sources */,
				E23AD7292AFE1EE700A69A01 /* LegacyDetailsView.swift in Sources */,
				E20CF4CD299C7F8400F0E003 /* ContentView.swift in Sources */,
				E23AD7202AFE1E5600A69A01 /* DetailsView.swift in Sources */,
				E23AD7152AFE1CAC00A69A01 /* OtherOutputsView.swift in Sources */,
				E23AD7262AFE1EC000A69A01 /* Property.swift in Sources */,
				E23AD70F2AFE1C5400A69A01 /* DeviceTreeView.swift in Sources */,
				E20CF4CC299C7F8100F0E003 /* TableDetailsView.swift in Sources */,
				E23AD71D2AFE1E3800A69A01 /* EmptyDetailsView.swift in Sources */,
				E20CF4BD299C7F6200F0E003 /* SceneDelegate.swift in Sources */,
				E23AD7232AFE1E8700A69A01 /* Details Content.swift in Sources */,
			);
			runOnlyForDeploymentPostprocessing = 0;
		};
		E230C49B25AE7B31005DCB55 /* Sources */ = {
			isa = PBXSourcesBuildPhase;
			buildActionMask = 2147483647;
			files = (
				E23AD7112AFE1C8700A69A01 /* OtherInputsView.swift in Sources */,
				E23AD7222AFE1E8700A69A01 /* Details Content.swift in Sources */,
				E23AD7252AFE1EC000A69A01 /* Property.swift in Sources */,
				E23AD71C2AFE1E3800A69A01 /* EmptyDetailsView.swift in Sources */,
				E23AD7282AFE1EE700A69A01 /* LegacyDetailsView.swift in Sources */,
				E26B849C25EDA4F400080052 /* TableDetailsView.swift in Sources */,
				E230C4A525AE7B31005DCB55 /* ContentView.swift in Sources */,
				E23AD70E2AFE1C5400A69A01 /* DeviceTreeView.swift in Sources */,
				E23AD7142AFE1CAC00A69A01 /* OtherOutputsView.swift in Sources */,
				E230C4A325AE7B31005DCB55 /* AppDelegate.swift in Sources */,
				E23AD7172AFE1CF000A69A01 /* ItemIcon.swift in Sources */,
				E23AD71F2AFE1E5600A69A01 /* DetailsView.swift in Sources */,
			);
			runOnlyForDeploymentPostprocessing = 0;
		};
/* End PBXSourcesBuildPhase section */

/* Begin PBXVariantGroup section */
		E20CF4C5299C7F6300F0E003 /* LaunchScreen.storyboard */ = {
			isa = PBXVariantGroup;
			children = (
				E20CF4C6299C7F6300F0E003 /* Base */,
			);
			name = LaunchScreen.storyboard;
			sourceTree = "<group>";
		};
		E230C4AB25AE7B33005DCB55 /* Main.storyboard */ = {
			isa = PBXVariantGroup;
			children = (
				E230C4AC25AE7B33005DCB55 /* Base */,
			);
			name = Main.storyboard;
			sourceTree = "<group>";
		};
/* End PBXVariantGroup section */

/* Begin XCBuildConfiguration section */
		E20CF4C9299C7F6300F0E003 /* Debug */ = {
			isa = XCBuildConfiguration;
			buildSettings = {
				ASSETCATALOG_COMPILER_APPICON_NAME = AppIcon;
				ASSETCATALOG_COMPILER_GLOBAL_ACCENT_COLOR_NAME = AccentColor;
				CLANG_CXX_LANGUAGE_STANDARD = "gnu++20";
				CODE_SIGN_STYLE = Automatic;
				CURRENT_PROJECT_VERSION = 3;
				DEVELOPMENT_TEAM = "";
				GENERATE_INFOPLIST_FILE = YES;
				INFOPLIST_FILE = MIDISystemInfo/iOS/Info.plist;
				INFOPLIST_KEY_CFBundleDisplayName = "MIDI System Info";
				INFOPLIST_KEY_LSApplicationCategoryType = "public.app-category.utilities";
				INFOPLIST_KEY_UIApplicationSupportsIndirectInputEvents = YES;
				INFOPLIST_KEY_UILaunchStoryboardName = LaunchScreen.storyboard;
				INFOPLIST_KEY_UISupportedInterfaceOrientations = "UIInterfaceOrientationLandscapeLeft UIInterfaceOrientationLandscapeRight UIInterfaceOrientationPortrait UIInterfaceOrientationPortraitUpsideDown";
				LD_RUNPATH_SEARCH_PATHS = (
					"$(inherited)",
					"@executable_path/Frameworks",
				);
				MARKETING_VERSION = 1.2;
				PRODUCT_BUNDLE_IDENTIFIER = "com.orchetect.MIDISystemInfo${DEVELOPMENT_TEAM}";
				PRODUCT_NAME = "$(TARGET_NAME)";
				SDKROOT = iphoneos;
				SUPPORTED_PLATFORMS = "iphoneos iphonesimulator";
				SUPPORTS_MACCATALYST = NO;
				SUPPORTS_MAC_DESIGNED_FOR_IPHONE_IPAD = NO;
				SWIFT_EMIT_LOC_STRINGS = YES;
				SWIFT_VERSION = 5.0;
				TARGETED_DEVICE_FAMILY = "1,2";
			};
			name = Debug;
		};
		E20CF4CA299C7F6300F0E003 /* Release */ = {
			isa = XCBuildConfiguration;
			buildSettings = {
				ASSETCATALOG_COMPILER_APPICON_NAME = AppIcon;
				ASSETCATALOG_COMPILER_GLOBAL_ACCENT_COLOR_NAME = AccentColor;
				CLANG_CXX_LANGUAGE_STANDARD = "gnu++20";
				CODE_SIGN_STYLE = Automatic;
				CURRENT_PROJECT_VERSION = 3;
				DEVELOPMENT_TEAM = "";
				GENERATE_INFOPLIST_FILE = YES;
				INFOPLIST_FILE = MIDISystemInfo/iOS/Info.plist;
				INFOPLIST_KEY_CFBundleDisplayName = "MIDI System Info";
				INFOPLIST_KEY_LSApplicationCategoryType = "public.app-category.utilities";
				INFOPLIST_KEY_UIApplicationSupportsIndirectInputEvents = YES;
				INFOPLIST_KEY_UILaunchStoryboardName = LaunchScreen.storyboard;
				INFOPLIST_KEY_UISupportedInterfaceOrientations = "UIInterfaceOrientationLandscapeLeft UIInterfaceOrientationLandscapeRight UIInterfaceOrientationPortrait UIInterfaceOrientationPortraitUpsideDown";
				LD_RUNPATH_SEARCH_PATHS = (
					"$(inherited)",
					"@executable_path/Frameworks",
				);
				MARKETING_VERSION = 1.2;
				PRODUCT_BUNDLE_IDENTIFIER = "com.orchetect.MIDISystemInfo${DEVELOPMENT_TEAM}";
				PRODUCT_NAME = "$(TARGET_NAME)";
				SDKROOT = iphoneos;
				SUPPORTED_PLATFORMS = "iphoneos iphonesimulator";
				SUPPORTS_MACCATALYST = NO;
				SUPPORTS_MAC_DESIGNED_FOR_IPHONE_IPAD = NO;
				SWIFT_EMIT_LOC_STRINGS = YES;
				SWIFT_VERSION = 5.0;
				TARGETED_DEVICE_FAMILY = "1,2";
				VALIDATE_PRODUCT = YES;
			};
			name = Release;
		};
		E230C4C625AE7B33005DCB55 /* Debug */ = {
			isa = XCBuildConfiguration;
			buildSettings = {
				ALWAYS_SEARCH_USER_PATHS = NO;
				ASSETCATALOG_COMPILER_GENERATE_SWIFT_ASSET_SYMBOL_EXTENSIONS = YES;
				CLANG_ANALYZER_NONNULL = YES;
				CLANG_ANALYZER_NUMBER_OBJECT_CONVERSION = YES_AGGRESSIVE;
				CLANG_CXX_LANGUAGE_STANDARD = "gnu++14";
				CLANG_CXX_LIBRARY = "libc++";
				CLANG_ENABLE_MODULES = YES;
				CLANG_ENABLE_OBJC_ARC = YES;
				CLANG_ENABLE_OBJC_WEAK = YES;
				CLANG_WARN_BLOCK_CAPTURE_AUTORELEASING = YES;
				CLANG_WARN_BOOL_CONVERSION = YES;
				CLANG_WARN_COMMA = YES;
				CLANG_WARN_CONSTANT_CONVERSION = YES;
				CLANG_WARN_DEPRECATED_OBJC_IMPLEMENTATIONS = YES;
				CLANG_WARN_DIRECT_OBJC_ISA_USAGE = YES_ERROR;
				CLANG_WARN_DOCUMENTATION_COMMENTS = YES;
				CLANG_WARN_EMPTY_BODY = YES;
				CLANG_WARN_ENUM_CONVERSION = YES;
				CLANG_WARN_INFINITE_RECURSION = YES;
				CLANG_WARN_INT_CONVERSION = YES;
				CLANG_WARN_NON_LITERAL_NULL_CONVERSION = YES;
				CLANG_WARN_OBJC_IMPLICIT_RETAIN_SELF = YES;
				CLANG_WARN_OBJC_LITERAL_CONVERSION = YES;
				CLANG_WARN_OBJC_ROOT_CLASS = YES_ERROR;
				CLANG_WARN_QUOTED_INCLUDE_IN_FRAMEWORK_HEADER = YES;
				CLANG_WARN_RANGE_LOOP_ANALYSIS = YES;
				CLANG_WARN_STRICT_PROTOTYPES = YES;
				CLANG_WARN_SUSPICIOUS_MOVE = YES;
				CLANG_WARN_UNGUARDED_AVAILABILITY = YES_AGGRESSIVE;
				CLANG_WARN_UNREACHABLE_CODE = YES;
				CLANG_WARN__DUPLICATE_METHOD_MATCH = YES;
				COPY_PHASE_STRIP = NO;
				DEAD_CODE_STRIPPING = YES;
				DEBUG_INFORMATION_FORMAT = dwarf;
				ENABLE_STRICT_OBJC_MSGSEND = YES;
				ENABLE_TESTABILITY = YES;
				ENABLE_USER_SCRIPT_SANDBOXING = YES;
				GCC_C_LANGUAGE_STANDARD = gnu11;
				GCC_DYNAMIC_NO_PIC = NO;
				GCC_NO_COMMON_BLOCKS = YES;
				GCC_OPTIMIZATION_LEVEL = 0;
				GCC_PREPROCESSOR_DEFINITIONS = (
					"DEBUG=1",
					"$(inherited)",
				);
				GCC_WARN_64_TO_32_BIT_CONVERSION = YES;
				GCC_WARN_ABOUT_RETURN_TYPE = YES_ERROR;
				GCC_WARN_UNDECLARED_SELECTOR = YES;
				GCC_WARN_UNINITIALIZED_AUTOS = YES_AGGRESSIVE;
				GCC_WARN_UNUSED_FUNCTION = YES;
				GCC_WARN_UNUSED_VARIABLE = YES;
				IPHONEOS_DEPLOYMENT_TARGET = 13.0;
				MACOSX_DEPLOYMENT_TARGET = 10.15;
				MTL_ENABLE_DEBUG_INFO = INCLUDE_SOURCE;
				MTL_FAST_MATH = YES;
				ONLY_ACTIVE_ARCH = YES;
				SDKROOT = macosx;
				SWIFT_ACTIVE_COMPILATION_CONDITIONS = DEBUG;
				SWIFT_OPTIMIZATION_LEVEL = "-Onone";
			};
			name = Debug;
		};
		E230C4C725AE7B33005DCB55 /* Release */ = {
			isa = XCBuildConfiguration;
			buildSettings = {
				ALWAYS_SEARCH_USER_PATHS = NO;
				ASSETCATALOG_COMPILER_GENERATE_SWIFT_ASSET_SYMBOL_EXTENSIONS = YES;
				CLANG_ANALYZER_NONNULL = YES;
				CLANG_ANALYZER_NUMBER_OBJECT_CONVERSION = YES_AGGRESSIVE;
				CLANG_CXX_LANGUAGE_STANDARD = "gnu++14";
				CLANG_CXX_LIBRARY = "libc++";
				CLANG_ENABLE_MODULES = YES;
				CLANG_ENABLE_OBJC_ARC = YES;
				CLANG_ENABLE_OBJC_WEAK = YES;
				CLANG_WARN_BLOCK_CAPTURE_AUTORELEASING = YES;
				CLANG_WARN_BOOL_CONVERSION = YES;
				CLANG_WARN_COMMA = YES;
				CLANG_WARN_CONSTANT_CONVERSION = YES;
				CLANG_WARN_DEPRECATED_OBJC_IMPLEMENTATIONS = YES;
				CLANG_WARN_DIRECT_OBJC_ISA_USAGE = YES_ERROR;
				CLANG_WARN_DOCUMENTATION_COMMENTS = YES;
				CLANG_WARN_EMPTY_BODY = YES;
				CLANG_WARN_ENUM_CONVERSION = YES;
				CLANG_WARN_INFINITE_RECURSION = YES;
				CLANG_WARN_INT_CONVERSION = YES;
				CLANG_WARN_NON_LITERAL_NULL_CONVERSION = YES;
				CLANG_WARN_OBJC_IMPLICIT_RETAIN_SELF = YES;
				CLANG_WARN_OBJC_LITERAL_CONVERSION = YES;
				CLANG_WARN_OBJC_ROOT_CLASS = YES_ERROR;
				CLANG_WARN_QUOTED_INCLUDE_IN_FRAMEWORK_HEADER = YES;
				CLANG_WARN_RANGE_LOOP_ANALYSIS = YES;
				CLANG_WARN_STRICT_PROTOTYPES = YES;
				CLANG_WARN_SUSPICIOUS_MOVE = YES;
				CLANG_WARN_UNGUARDED_AVAILABILITY = YES_AGGRESSIVE;
				CLANG_WARN_UNREACHABLE_CODE = YES;
				CLANG_WARN__DUPLICATE_METHOD_MATCH = YES;
				COPY_PHASE_STRIP = NO;
				DEAD_CODE_STRIPPING = YES;
				DEBUG_INFORMATION_FORMAT = "dwarf-with-dsym";
				ENABLE_NS_ASSERTIONS = NO;
				ENABLE_STRICT_OBJC_MSGSEND = YES;
				ENABLE_USER_SCRIPT_SANDBOXING = YES;
				GCC_C_LANGUAGE_STANDARD = gnu11;
				GCC_NO_COMMON_BLOCKS = YES;
				GCC_WARN_64_TO_32_BIT_CONVERSION = YES;
				GCC_WARN_ABOUT_RETURN_TYPE = YES_ERROR;
				GCC_WARN_UNDECLARED_SELECTOR = YES;
				GCC_WARN_UNINITIALIZED_AUTOS = YES_AGGRESSIVE;
				GCC_WARN_UNUSED_FUNCTION = YES;
				GCC_WARN_UNUSED_VARIABLE = YES;
				IPHONEOS_DEPLOYMENT_TARGET = 13.0;
				MACOSX_DEPLOYMENT_TARGET = 10.15;
				MTL_ENABLE_DEBUG_INFO = NO;
				MTL_FAST_MATH = YES;
				SDKROOT = macosx;
				SWIFT_COMPILATION_MODE = wholemodule;
				SWIFT_OPTIMIZATION_LEVEL = "-O";
			};
			name = Release;
		};
		E230C4C925AE7B33005DCB55 /* Debug */ = {
			isa = XCBuildConfiguration;
			buildSettings = {
				ASSETCATALOG_COMPILER_APPICON_NAME = AppIcon;
				ASSETCATALOG_COMPILER_GLOBAL_ACCENT_COLOR_NAME = AccentColor;
				CODE_SIGN_ENTITLEMENTS = MIDISystemInfo/macOS/MIDISystemInfo.entitlements;
				CODE_SIGN_STYLE = Automatic;
				COMBINE_HIDPI_IMAGES = YES;
				CURRENT_PROJECT_VERSION = 3;
				DEAD_CODE_STRIPPING = YES;
				DEVELOPMENT_TEAM = "";
				ENABLE_HARDENED_RUNTIME = YES;
				ENABLE_PREVIEWS = YES;
				INFOPLIST_FILE = MIDISystemInfo/macOS/Info.plist;
				INFOPLIST_KEY_CFBundleDisplayName = "MIDI System Info";
				INFOPLIST_KEY_LSApplicationCategoryType = "public.app-category.utilities";
				LD_RUNPATH_SEARCH_PATHS = (
					"$(inherited)",
					"@executable_path/../Frameworks",
				);
				MARKETING_VERSION = 1.2;
				PRODUCT_BUNDLE_IDENTIFIER = "com.orchetect.MIDISystemInfo${DEVELOPMENT_TEAM}";
				PRODUCT_NAME = "$(TARGET_NAME)";
				SUPPORTED_PLATFORMS = macosx;
				SUPPORTS_MACCATALYST = NO;
				SUPPORTS_MAC_DESIGNED_FOR_IPHONE_IPAD = NO;
				SWIFT_VERSION = 5.0;
			};
			name = Debug;
		};
		E230C4CA25AE7B33005DCB55 /* Release */ = {
			isa = XCBuildConfiguration;
			buildSettings = {
				ASSETCATALOG_COMPILER_APPICON_NAME = AppIcon;
				ASSETCATALOG_COMPILER_GLOBAL_ACCENT_COLOR_NAME = AccentColor;
				CODE_SIGN_ENTITLEMENTS = MIDISystemInfo/macOS/MIDISystemInfo.entitlements;
				CODE_SIGN_STYLE = Automatic;
				COMBINE_HIDPI_IMAGES = YES;
				CURRENT_PROJECT_VERSION = 3;
				DEAD_CODE_STRIPPING = YES;
				DEVELOPMENT_TEAM = "";
				ENABLE_HARDENED_RUNTIME = YES;
				ENABLE_PREVIEWS = YES;
				INFOPLIST_FILE = MIDISystemInfo/macOS/Info.plist;
				INFOPLIST_KEY_CFBundleDisplayName = "MIDI System Info";
				INFOPLIST_KEY_LSApplicationCategoryType = "public.app-category.utilities";
				LD_RUNPATH_SEARCH_PATHS = (
					"$(inherited)",
					"@executable_path/../Frameworks",
				);
				MARKETING_VERSION = 1.2;
				PRODUCT_BUNDLE_IDENTIFIER = "com.orchetect.MIDISystemInfo${DEVELOPMENT_TEAM}";
				PRODUCT_NAME = "$(TARGET_NAME)";
				SUPPORTED_PLATFORMS = macosx;
				SUPPORTS_MACCATALYST = NO;
				SUPPORTS_MAC_DESIGNED_FOR_IPHONE_IPAD = NO;
				SWIFT_VERSION = 5.0;
			};
			name = Release;
		};
/* End XCBuildConfiguration section */

/* Begin XCConfigurationList section */
		E20CF4CB299C7F6300F0E003 /* Build configuration list for PBXNativeTarget "MIDISystemInfo iOS" */ = {
			isa = XCConfigurationList;
			buildConfigurations = (
				E20CF4C9299C7F6300F0E003 /* Debug */,
				E20CF4CA299C7F6300F0E003 /* Release */,
			);
			defaultConfigurationIsVisible = 0;
			defaultConfigurationName = Release;
		};
		E230C49A25AE7B31005DCB55 /* Build configuration list for PBXProject "MIDISystemInfo" */ = {
			isa = XCConfigurationList;
			buildConfigurations = (
				E230C4C625AE7B33005DCB55 /* Debug */,
				E230C4C725AE7B33005DCB55 /* Release */,
			);
			defaultConfigurationIsVisible = 0;
			defaultConfigurationName = Release;
		};
		E230C4C825AE7B33005DCB55 /* Build configuration list for PBXNativeTarget "MIDISystemInfo macOS" */ = {
			isa = XCConfigurationList;
			buildConfigurations = (
				E230C4C925AE7B33005DCB55 /* Debug */,
				E230C4CA25AE7B33005DCB55 /* Release */,
			);
			defaultConfigurationIsVisible = 0;
			defaultConfigurationName = Release;
		};
/* End XCConfigurationList section */

/* Begin XCRemoteSwiftPackageReference section */
		E29AC90D285BEFF4009D1C2C /* XCRemoteSwiftPackageReference "MIDIKit" */ = {
			isa = XCRemoteSwiftPackageReference;
			repositoryURL = "https://github.com/orchetect/MIDIKit";
			requirement = {
				kind = upToNextMajorVersion;
				minimumVersion = 0.9.3;
			};
		};
/* End XCRemoteSwiftPackageReference section */

/* Begin XCSwiftPackageProductDependency section */
		E20CF4D1299C804C00F0E003 /* MIDIKit */ = {
			isa = XCSwiftPackageProductDependency;
			package = E29AC90D285BEFF4009D1C2C /* XCRemoteSwiftPackageReference "MIDIKit" */;
			productName = MIDIKit;
		};
		E24D200A25BE75D90095BDE5 /* MIDIKit */ = {
			isa = XCSwiftPackageProductDependency;
			productName = MIDIKit;
		};
		E29AC90E285BEFF4009D1C2C /* MIDIKit */ = {
			isa = XCSwiftPackageProductDependency;
			package = E29AC90D285BEFF4009D1C2C /* XCRemoteSwiftPackageReference "MIDIKit" */;
			productName = MIDIKit;
		};
/* End XCSwiftPackageProductDependency section */
	};
	rootObject = E230C49725AE7B31005DCB55 /* Project object */;
}
