// !$*UTF8*$!
{
	archiveVersion = 1;
	classes = {
	};
	objectVersion = 54;
	objects = {

/* Begin PBXBuildFile section */
		E24FF24B28B981BC000A2055 /* MIDIKitIO in Frameworks */ = {isa = PBXBuildFile; productRef = E24FF24A28B981BC000A2055 /* MIDIKitIO */; };
		E24FF24D28B981BC000A2055 /* MIDIKitSync in Frameworks */ = {isa = PBXBuildFile; productRef = E24FF24C28B981BC000A2055 /* MIDIKitSync */; };
		E24FF24F28B9841E000A2055 /* Assets.xcassets in Resources */ = {isa = PBXBuildFile; fileRef = E24FF24E28B9841E000A2055 /* Assets.xcassets */; };
		E2639D0726B145EE00AD0607 /* MIDIKitSync in Frameworks */ = {isa = PBXBuildFile; productRef = E2639D0626B145EE00AD0607 /* MIDIKitSync */; };
		E275EAB02679A444008E396D /* MTCRecContentView.swift in Sources */ = {isa = PBXBuildFile; fileRef = E275EAAF2679A444008E396D /* MTCRecContentView.swift */; };
		E275EAB42679A493008E396D /* MTCGenContentView.swift in Sources */ = {isa = PBXBuildFile; fileRef = E275EAB32679A493008E396D /* MTCGenContentView.swift */; };
		E27E3FA025A6E5C700F4B78E /* Audio.swift in Sources */ = {isa = PBXBuildFile; fileRef = E27E3F9F25A6E5C700F4B78E /* Audio.swift */; };
		E29EF039267BF71B00282F94 /* DunneAudioKit in Frameworks */ = {isa = PBXBuildFile; productRef = E29EF038267BF71B00282F94 /* DunneAudioKit */; };
		E2B82F4E26B7F2A3006AF638 /* SwiftRadix in Frameworks */ = {isa = PBXBuildFile; productRef = E2B82F4D26B7F2A3006AF638 /* SwiftRadix */; };
		E2BE847F268BC6680034F62C /* MIDIKitSync Extensions.swift in Sources */ = {isa = PBXBuildFile; fileRef = E2BE847E268BC6680034F62C /* MIDIKitSync Extensions.swift */; };
		E2E635B925EE4CE10039B8CF /* OTCore in Frameworks */ = {isa = PBXBuildFile; productRef = E2E635B825EE4CE10039B8CF /* OTCore */; };
		E2F71ED42758ED1E006254C0 /* Log.swift in Sources */ = {isa = PBXBuildFile; fileRef = E2F71ED32758ED1E006254C0 /* Log.swift */; };
		E2FAC4DE257884E000A6DD31 /* AppDelegate.swift in Sources */ = {isa = PBXBuildFile; fileRef = E2FAC4DD257884E000A6DD31 /* AppDelegate.swift */; };
		E2FAC4E8257884E100A6DD31 /* Main.storyboard in Resources */ = {isa = PBXBuildFile; fileRef = E2FAC4E6257884E100A6DD31 /* Main.storyboard */; };
		E2FAC51E2578856F00A6DD31 /* MIDI Endpoints.swift in Sources */ = {isa = PBXBuildFile; fileRef = E2FAC51D2578856F00A6DD31 /* MIDI Endpoints.swift */; };
/* End PBXBuildFile section */

/* Begin PBXFileReference section */
		E24FF24E28B9841E000A2055 /* Assets.xcassets */ = {isa = PBXFileReference; lastKnownFileType = folder.assetcatalog; path = Assets.xcassets; sourceTree = "<group>"; };
		E275EAAF2679A444008E396D /* MTCRecContentView.swift */ = {isa = PBXFileReference; fileEncoding = 4; lastKnownFileType = sourcecode.swift; path = MTCRecContentView.swift; sourceTree = "<group>"; };
		E275EAB32679A493008E396D /* MTCGenContentView.swift */ = {isa = PBXFileReference; fileEncoding = 4; lastKnownFileType = sourcecode.swift; path = MTCGenContentView.swift; sourceTree = "<group>"; };
		E27E3F9F25A6E5C700F4B78E /* Audio.swift */ = {isa = PBXFileReference; lastKnownFileType = sourcecode.swift; path = Audio.swift; sourceTree = "<group>"; };
		E2BE847E268BC6680034F62C /* MIDIKitSync Extensions.swift */ = {isa = PBXFileReference; lastKnownFileType = sourcecode.swift; path = "MIDIKitSync Extensions.swift"; sourceTree = "<group>"; };
		E2F71ED32758ED1E006254C0 /* Log.swift */ = {isa = PBXFileReference; fileEncoding = 4; lastKnownFileType = sourcecode.swift; path = Log.swift; sourceTree = "<group>"; };
		E2FAC4DA257884E000A6DD31 /* MTCExample.app */ = {isa = PBXFileReference; explicitFileType = wrapper.application; includeInIndex = 0; path = MTCExample.app; sourceTree = BUILT_PRODUCTS_DIR; };
		E2FAC4DD257884E000A6DD31 /* AppDelegate.swift */ = {isa = PBXFileReference; lastKnownFileType = sourcecode.swift; path = AppDelegate.swift; sourceTree = "<group>"; };
		E2FAC4E7257884E100A6DD31 /* Base */ = {isa = PBXFileReference; lastKnownFileType = file.storyboard; name = Base; path = Base.lproj/Main.storyboard; sourceTree = "<group>"; };
		E2FAC4E9257884E100A6DD31 /* Info.plist */ = {isa = PBXFileReference; lastKnownFileType = text.plist.xml; path = Info.plist; sourceTree = "<group>"; };
		E2FAC4EA257884E100A6DD31 /* MTCExample.entitlements */ = {isa = PBXFileReference; lastKnownFileType = text.plist.entitlements; path = MTCExample.entitlements; sourceTree = "<group>"; };
		E2FAC51D2578856F00A6DD31 /* MIDI Endpoints.swift */ = {isa = PBXFileReference; lastKnownFileType = sourcecode.swift; path = "MIDI Endpoints.swift"; sourceTree = "<group>"; };
/* End PBXFileReference section */

/* Begin PBXFrameworksBuildPhase section */
		E2FAC4D7257884DF00A6DD31 /* Frameworks */ = {
			isa = PBXFrameworksBuildPhase;
			buildActionMask = 2147483647;
			files = (
				E2639D0726B145EE00AD0607 /* MIDIKitSync in Frameworks */,
				E24FF24B28B981BC000A2055 /* MIDIKitIO in Frameworks */,
				E29EF039267BF71B00282F94 /* DunneAudioKit in Frameworks */,
				E24FF24D28B981BC000A2055 /* MIDIKitSync in Frameworks */,
				E2E635B925EE4CE10039B8CF /* OTCore in Frameworks */,
				E2B82F4E26B7F2A3006AF638 /* SwiftRadix in Frameworks */,
			);
			runOnlyForDeploymentPostprocessing = 0;
		};
/* End PBXFrameworksBuildPhase section */

/* Begin PBXGroup section */
		E2FAC4D1257884DF00A6DD31 = {
			isa = PBXGroup;
			children = (
				E2FAC4DC257884E000A6DD31 /* MTCExample */,
				E2FAC4DB257884E000A6DD31 /* Products */,
			);
			sourceTree = "<group>";
		};
		E2FAC4DB257884E000A6DD31 /* Products */ = {
			isa = PBXGroup;
			children = (
				E2FAC4DA257884E000A6DD31 /* MTCExample.app */,
			);
			name = Products;
			sourceTree = "<group>";
		};
		E2FAC4DC257884E000A6DD31 /* MTCExample */ = {
			isa = PBXGroup;
			children = (
				E2FAC4DD257884E000A6DD31 /* AppDelegate.swift */,
				E275EAB32679A493008E396D /* MTCGenContentView.swift */,
				E275EAAF2679A444008E396D /* MTCRecContentView.swift */,
				E2FAC51D2578856F00A6DD31 /* MIDI Endpoints.swift */,
				E2BE847E268BC6680034F62C /* MIDIKitSync Extensions.swift */,
				E27E3F9F25A6E5C700F4B78E /* Audio.swift */,
				E2F71ED32758ED1E006254C0 /* Log.swift */,
				E2FAC4E6257884E100A6DD31 /* Main.storyboard */,
				E2FAC4E9257884E100A6DD31 /* Info.plist */,
				E24FF24E28B9841E000A2055 /* Assets.xcassets */,
				E2FAC4EA257884E100A6DD31 /* MTCExample.entitlements */,
			);
			path = MTCExample;
			sourceTree = "<group>";
		};
/* End PBXGroup section */

/* Begin PBXNativeTarget section */
		E2FAC4D9257884DF00A6DD31 /* MTCExample */ = {
			isa = PBXNativeTarget;
			buildConfigurationList = E2FAC503257884E100A6DD31 /* Build configuration list for PBXNativeTarget "MTCExample" */;
			buildPhases = (
				E2FAC4D6257884DF00A6DD31 /* Sources */,
				E2FAC4D7257884DF00A6DD31 /* Frameworks */,
				E2FAC4D8257884DF00A6DD31 /* Resources */,
			);
			buildRules = (
			);
			dependencies = (
			);
			name = MTCExample;
			packageProductDependencies = (
				E2E635B825EE4CE10039B8CF /* OTCore */,
				E29EF038267BF71B00282F94 /* DunneAudioKit */,
				E2639D0626B145EE00AD0607 /* MIDIKitSync */,
				E2B82F4D26B7F2A3006AF638 /* SwiftRadix */,
				E24FF24A28B981BC000A2055 /* MIDIKitIO */,
				E24FF24C28B981BC000A2055 /* MIDIKitSync */,
			);
			productName = MTCExample;
			productReference = E2FAC4DA257884E000A6DD31 /* MTCExample.app */;
			productType = "com.apple.product-type.application";
		};
/* End PBXNativeTarget section */

/* Begin PBXProject section */
		E2FAC4D2257884DF00A6DD31 /* Project object */ = {
			isa = PBXProject;
			attributes = {
				BuildIndependentTargetsInParallel = YES;
				LastSwiftUpdateCheck = 1230;
				LastUpgradeCheck = 1430;
				TargetAttributes = {
					E2FAC4D9257884DF00A6DD31 = {
						CreatedOnToolsVersion = 12.3;
					};
				};
			};
			buildConfigurationList = E2FAC4D5257884DF00A6DD31 /* Build configuration list for PBXProject "MTCExample" */;
			compatibilityVersion = "Xcode 9.3";
			developmentRegion = en;
			hasScannedForEncodings = 0;
			knownRegions = (
				en,
				Base,
			);
			mainGroup = E2FAC4D1257884DF00A6DD31;
			packageReferences = (
				E2E635B725EE4CE10039B8CF /* XCRemoteSwiftPackageReference "OTCore" */,
				E29EF02D267BF47F00282F94 /* XCRemoteSwiftPackageReference "SwiftRadix" */,
				E29EF037267BF71B00282F94 /* XCRemoteSwiftPackageReference "DunneAudioKit" */,
				E24FF24928B981BC000A2055 /* XCRemoteSwiftPackageReference "MIDIKit" */,
			);
			productRefGroup = E2FAC4DB257884E000A6DD31 /* Products */;
			projectDirPath = "";
			projectRoot = "";
			targets = (
				E2FAC4D9257884DF00A6DD31 /* MTCExample */,
			);
		};
/* End PBXProject section */

/* Begin PBXResourcesBuildPhase section */
		E2FAC4D8257884DF00A6DD31 /* Resources */ = {
			isa = PBXResourcesBuildPhase;
			buildActionMask = 2147483647;
			files = (
				E2FAC4E8257884E100A6DD31 /* Main.storyboard in Resources */,
				E24FF24F28B9841E000A2055 /* Assets.xcassets in Resources */,
			);
			runOnlyForDeploymentPostprocessing = 0;
		};
/* End PBXResourcesBuildPhase section */

/* Begin PBXSourcesBuildPhase section */
		E2FAC4D6257884DF00A6DD31 /* Sources */ = {
			isa = PBXSourcesBuildPhase;
			buildActionMask = 2147483647;
			files = (
				E2BE847F268BC6680034F62C /* MIDIKitSync Extensions.swift in Sources */,
				E2F71ED42758ED1E006254C0 /* Log.swift in Sources */,
				E275EAB42679A493008E396D /* MTCGenContentView.swift in Sources */,
				E27E3FA025A6E5C700F4B78E /* Audio.swift in Sources */,
				E275EAB02679A444008E396D /* MTCRecContentView.swift in Sources */,
				E2FAC4DE257884E000A6DD31 /* AppDelegate.swift in Sources */,
				E2FAC51E2578856F00A6DD31 /* MIDI Endpoints.swift in Sources */,
			);
			runOnlyForDeploymentPostprocessing = 0;
		};
/* End PBXSourcesBuildPhase section */

/* Begin PBXVariantGroup section */
		E2FAC4E6257884E100A6DD31 /* Main.storyboard */ = {
			isa = PBXVariantGroup;
			children = (
				E2FAC4E7257884E100A6DD31 /* Base */,
			);
			name = Main.storyboard;
			sourceTree = "<group>";
		};
/* End PBXVariantGroup section */

/* Begin XCBuildConfiguration section */
		E2FAC501257884E100A6DD31 /* Debug */ = {
			isa = XCBuildConfiguration;
			buildSettings = {
				ALWAYS_SEARCH_USER_PATHS = NO;
				CLANG_ANALYZER_NONNULL = YES;
				CLANG_ANALYZER_NUMBER_OBJECT_CONVERSION = YES_AGGRESSIVE;
				CLANG_CXX_LANGUAGE_STANDARD = "gnu++14";
				CLANG_CXX_LIBRARY = "libc++";
				CLANG_ENABLE_MODULES = YES;
				CLANG_ENABLE_OBJC_ARC = YES;
				CLANG_ENABLE_OBJC_WEAK = YES;
				CLANG_WARN_BLOCK_CAPTURE_AUTORELEASING = YES;
				CLANG_WARN_BOOL_CONVERSION = YES;
				CLANG_WARN_COMMA = YES;
				CLANG_WARN_CONSTANT_CONVERSION = YES;
				CLANG_WARN_DEPRECATED_OBJC_IMPLEMENTATIONS = YES;
				CLANG_WARN_DIRECT_OBJC_ISA_USAGE = YES_ERROR;
				CLANG_WARN_DOCUMENTATION_COMMENTS = YES;
				CLANG_WARN_EMPTY_BODY = YES;
				CLANG_WARN_ENUM_CONVERSION = YES;
				CLANG_WARN_INFINITE_RECURSION = YES;
				CLANG_WARN_INT_CONVERSION = YES;
				CLANG_WARN_NON_LITERAL_NULL_CONVERSION = YES;
				CLANG_WARN_OBJC_IMPLICIT_RETAIN_SELF = YES;
				CLANG_WARN_OBJC_LITERAL_CONVERSION = YES;
				CLANG_WARN_OBJC_ROOT_CLASS = YES_ERROR;
				CLANG_WARN_QUOTED_INCLUDE_IN_FRAMEWORK_HEADER = YES;
				CLANG_WARN_RANGE_LOOP_ANALYSIS = YES;
				CLANG_WARN_STRICT_PROTOTYPES = YES;
				CLANG_WARN_SUSPICIOUS_MOVE = YES;
				CLANG_WARN_UNGUARDED_AVAILABILITY = YES_AGGRESSIVE;
				CLANG_WARN_UNREACHABLE_CODE = YES;
				CLANG_WARN__DUPLICATE_METHOD_MATCH = YES;
				COPY_PHASE_STRIP = NO;
				DEAD_CODE_STRIPPING = YES;
				DEBUG_INFORMATION_FORMAT = dwarf;
				ENABLE_STRICT_OBJC_MSGSEND = YES;
				ENABLE_TESTABILITY = YES;
				GCC_C_LANGUAGE_STANDARD = gnu11;
				GCC_DYNAMIC_NO_PIC = NO;
				GCC_NO_COMMON_BLOCKS = YES;
				GCC_OPTIMIZATION_LEVEL = 0;
				GCC_PREPROCESSOR_DEFINITIONS = (
					"DEBUG=1",
					"$(inherited)",
				);
				GCC_WARN_64_TO_32_BIT_CONVERSION = YES;
				GCC_WARN_ABOUT_RETURN_TYPE = YES_ERROR;
				GCC_WARN_UNDECLARED_SELECTOR = YES;
				GCC_WARN_UNINITIALIZED_AUTOS = YES_AGGRESSIVE;
				GCC_WARN_UNUSED_FUNCTION = YES;
				GCC_WARN_UNUSED_VARIABLE = YES;
				MACOSX_DEPLOYMENT_TARGET = 12.0;
				MTL_ENABLE_DEBUG_INFO = INCLUDE_SOURCE;
				MTL_FAST_MATH = YES;
				ONLY_ACTIVE_ARCH = YES;
				SDKROOT = macosx;
				SWIFT_ACTIVE_COMPILATION_CONDITIONS = DEBUG;
				SWIFT_OPTIMIZATION_LEVEL = "-Onone";
			};
			name = Debug;
		};
		E2FAC502257884E100A6DD31 /* Release */ = {
			isa = XCBuildConfiguration;
			buildSettings = {
				ALWAYS_SEARCH_USER_PATHS = NO;
				CLANG_ANALYZER_NONNULL = YES;
				CLANG_ANALYZER_NUMBER_OBJECT_CONVERSION = YES_AGGRESSIVE;
				CLANG_CXX_LANGUAGE_STANDARD = "gnu++14";
				CLANG_CXX_LIBRARY = "libc++";
				CLANG_ENABLE_MODULES = YES;
				CLANG_ENABLE_OBJC_ARC = YES;
				CLANG_ENABLE_OBJC_WEAK = YES;
				CLANG_WARN_BLOCK_CAPTURE_AUTORELEASING = YES;
				CLANG_WARN_BOOL_CONVERSION = YES;
				CLANG_WARN_COMMA = YES;
				CLANG_WARN_CONSTANT_CONVERSION = YES;
				CLANG_WARN_DEPRECATED_OBJC_IMPLEMENTATIONS = YES;
				CLANG_WARN_DIRECT_OBJC_ISA_USAGE = YES_ERROR;
				CLANG_WARN_DOCUMENTATION_COMMENTS = YES;
				CLANG_WARN_EMPTY_BODY = YES;
				CLANG_WARN_ENUM_CONVERSION = YES;
				CLANG_WARN_INFINITE_RECURSION = YES;
				CLANG_WARN_INT_CONVERSION = YES;
				CLANG_WARN_NON_LITERAL_NULL_CONVERSION = YES;
				CLANG_WARN_OBJC_IMPLICIT_RETAIN_SELF = YES;
				CLANG_WARN_OBJC_LITERAL_CONVERSION = YES;
				CLANG_WARN_OBJC_ROOT_CLASS = YES_ERROR;
				CLANG_WARN_QUOTED_INCLUDE_IN_FRAMEWORK_HEADER = YES;
				CLANG_WARN_RANGE_LOOP_ANALYSIS = YES;
				CLANG_WARN_STRICT_PROTOTYPES = YES;
				CLANG_WARN_SUSPICIOUS_MOVE = YES;
				CLANG_WARN_UNGUARDED_AVAILABILITY = YES_AGGRESSIVE;
				CLANG_WARN_UNREACHABLE_CODE = YES;
				CLANG_WARN__DUPLICATE_METHOD_MATCH = YES;
				COPY_PHASE_STRIP = NO;
				DEAD_CODE_STRIPPING = YES;
				DEBUG_INFORMATION_FORMAT = "dwarf-with-dsym";
				ENABLE_NS_ASSERTIONS = NO;
				ENABLE_STRICT_OBJC_MSGSEND = YES;
				ENABLE_TESTABILITY = YES;
				GCC_C_LANGUAGE_STANDARD = gnu11;
				GCC_NO_COMMON_BLOCKS = YES;
				GCC_OPTIMIZATION_LEVEL = fast;
				GCC_WARN_64_TO_32_BIT_CONVERSION = YES;
				GCC_WARN_ABOUT_RETURN_TYPE = YES_ERROR;
				GCC_WARN_UNDECLARED_SELECTOR = YES;
				GCC_WARN_UNINITIALIZED_AUTOS = YES_AGGRESSIVE;
				GCC_WARN_UNUSED_FUNCTION = YES;
				GCC_WARN_UNUSED_VARIABLE = YES;
				MACOSX_DEPLOYMENT_TARGET = 12.0;
				MTL_ENABLE_DEBUG_INFO = NO;
				MTL_FAST_MATH = YES;
				SDKROOT = macosx;
				SWIFT_COMPILATION_MODE = wholemodule;
				SWIFT_OPTIMIZATION_LEVEL = "-O";
			};
			name = Release;
		};
		E2FAC504257884E100A6DD31 /* Debug */ = {
			isa = XCBuildConfiguration;
			buildSettings = {
				ASSETCATALOG_COMPILER_APPICON_NAME = AppIcon;
				ASSETCATALOG_COMPILER_GLOBAL_ACCENT_COLOR_NAME = AccentColor;
				ASSETCATALOG_COMPILER_INCLUDE_ALL_APPICON_ASSETS = NO;
				CODE_SIGN_ENTITLEMENTS = MTCExample/MTCExample.entitlements;
				CODE_SIGN_STYLE = Automatic;
				COMBINE_HIDPI_IMAGES = YES;
				CURRENT_PROJECT_VERSION = 1;
				DEAD_CODE_STRIPPING = YES;
				DEVELOPMENT_TEAM = "";
				ENABLE_HARDENED_RUNTIME = NO;
				ENABLE_PREVIEWS = YES;
				INFOPLIST_FILE = MTCExample/Info.plist;
				INFOPLIST_KEY_CFBundleDisplayName = "MTC Example";
				INFOPLIST_KEY_LSApplicationCategoryType = "public.app-category.music";
				LD_RUNPATH_SEARCH_PATHS = (
					"$(inherited)",
					"@executable_path/../Frameworks",
				);
				MARKETING_VERSION = 1.0;
				PRODUCT_BUNDLE_IDENTIFIER = "com.orchetect.MTCExample${DEVELOPMENT_TEAM}";
				PRODUCT_NAME = "$(TARGET_NAME)";
				SWIFT_VERSION = 5.0;
			};
			name = Debug;
		};
		E2FAC505257884E100A6DD31 /* Release */ = {
			isa = XCBuildConfiguration;
			buildSettings = {
				ASSETCATALOG_COMPILER_APPICON_NAME = AppIcon;
				ASSETCATALOG_COMPILER_GLOBAL_ACCENT_COLOR_NAME = AccentColor;
				ASSETCATALOG_COMPILER_INCLUDE_ALL_APPICON_ASSETS = NO;
				CODE_SIGN_ENTITLEMENTS = MTCExample/MTCExample.entitlements;
				CODE_SIGN_STYLE = Automatic;
				COMBINE_HIDPI_IMAGES = YES;
				CURRENT_PROJECT_VERSION = 1;
				DEAD_CODE_STRIPPING = YES;
				DEVELOPMENT_TEAM = "";
				ENABLE_HARDENED_RUNTIME = NO;
				ENABLE_PREVIEWS = YES;
				INFOPLIST_FILE = MTCExample/Info.plist;
				INFOPLIST_KEY_CFBundleDisplayName = "MTC Example";
				INFOPLIST_KEY_LSApplicationCategoryType = "public.app-category.music";
				LD_RUNPATH_SEARCH_PATHS = (
					"$(inherited)",
					"@executable_path/../Frameworks",
				);
				MARKETING_VERSION = 1.0;
				PRODUCT_BUNDLE_IDENTIFIER = "com.orchetect.MTCExample${DEVELOPMENT_TEAM}";
				PRODUCT_NAME = "$(TARGET_NAME)";
				SWIFT_VERSION = 5.0;
			};
			name = Release;
		};
/* End XCBuildConfiguration section */

/* Begin XCConfigurationList section */
		E2FAC4D5257884DF00A6DD31 /* Build configuration list for PBXProject "MTCExample" */ = {
			isa = XCConfigurationList;
			buildConfigurations = (
				E2FAC501257884E100A6DD31 /* Debug */,
				E2FAC502257884E100A6DD31 /* Release */,
			);
			defaultConfigurationIsVisible = 0;
			defaultConfigurationName = Release;
		};
		E2FAC503257884E100A6DD31 /* Build configuration list for PBXNativeTarget "MTCExample" */ = {
			isa = XCConfigurationList;
			buildConfigurations = (
				E2FAC504257884E100A6DD31 /* Debug */,
				E2FAC505257884E100A6DD31 /* Release */,
			);
			defaultConfigurationIsVisible = 0;
			defaultConfigurationName = Release;
		};
/* End XCConfigurationList section */

/* Begin XCRemoteSwiftPackageReference section */
		E24FF24928B981BC000A2055 /* XCRemoteSwiftPackageReference "MIDIKit" */ = {
			isa = XCRemoteSwiftPackageReference;
			repositoryURL = "https://github.com/orchetect/MIDIKit";
			requirement = {
				kind = upToNextMajorVersion;
				minimumVersion = 0.9.1;
			};
		};
		E29EF02D267BF47F00282F94 /* XCRemoteSwiftPackageReference "SwiftRadix" */ = {
			isa = XCRemoteSwiftPackageReference;
			repositoryURL = "https://github.com/orchetect/SwiftRadix.git";
			requirement = {
				kind = upToNextMajorVersion;
				minimumVersion = 1.3.0;
			};
		};
		E29EF037267BF71B00282F94 /* XCRemoteSwiftPackageReference "DunneAudioKit" */ = {
			isa = XCRemoteSwiftPackageReference;
			repositoryURL = "https://github.com/AudioKit/DunneAudioKit.git";
			requirement = {
				kind = upToNextMajorVersion;
				minimumVersion = 5.4.0;
			};
		};
		E2E635B725EE4CE10039B8CF /* XCRemoteSwiftPackageReference "OTCore" */ = {
			isa = XCRemoteSwiftPackageReference;
			repositoryURL = "https://github.com/orchetect/OTCore.git";
			requirement = {
				kind = upToNextMajorVersion;
				minimumVersion = 1.4.8;
			};
		};
/* End XCRemoteSwiftPackageReference section */

/* Begin XCSwiftPackageProductDependency section */
		E24FF24A28B981BC000A2055 /* MIDIKitIO */ = {
			isa = XCSwiftPackageProductDependency;
			package = E24FF24928B981BC000A2055 /* XCRemoteSwiftPackageReference "MIDIKit" */;
			productName = MIDIKitIO;
		};
		E24FF24C28B981BC000A2055 /* MIDIKitSync */ = {
			isa = XCSwiftPackageProductDependency;
			package = E24FF24928B981BC000A2055 /* XCRemoteSwiftPackageReference "MIDIKit" */;
			productName = MIDIKitSync;
		};
		E2639D0626B145EE00AD0607 /* MIDIKitSync */ = {
			isa = XCSwiftPackageProductDependency;
			productName = MIDIKitSync;
		};
		E29EF038267BF71B00282F94 /* DunneAudioKit */ = {
			isa = XCSwiftPackageProductDependency;
			package = E29EF037267BF71B00282F94 /* XCRemoteSwiftPackageReference "DunneAudioKit" */;
			productName = DunneAudioKit;
		};
		E2B82F4D26B7F2A3006AF638 /* SwiftRadix */ = {
			isa = XCSwiftPackageProductDependency;
			package = E29EF02D267BF47F00282F94 /* XCRemoteSwiftPackageReference "SwiftRadix" */;
			productName = SwiftRadix;
		};
		E2E635B825EE4CE10039B8CF /* OTCore */ = {
			isa = XCSwiftPackageProductDependency;
			package = E2E635B725EE4CE10039B8CF /* XCRemoteSwiftPackageReference "OTCore" */;
			productName = OTCore;
		};
/* End XCSwiftPackageProductDependency section */
	};
	rootObject = E2FAC4D2257884DF00A6DD31 /* Project object */;
}
