// !$*UTF8*$!
{
	archiveVersion = 1;
	classes = {
	};
	objectVersion = 53;
	objects = {

/* Begin PBXBuildFile section */
		E21299092851D8D600957FE8 /* MIDIHelper.swift in Sources */ = {isa = PBXBuildFile; fileRef = E21299082851D8D600957FE8 /* MIDIHelper.swift */; };
		E2496A912989087F003FD165 /* MIDIEndpointSelectionView-iOS.swift in Sources */ = {isa = PBXBuildFile; fileRef = E2496A8A2989087F003FD165 /* MIDIEndpointSelectionView-iOS.swift */; };
		E2496A922989087F003FD165 /* ContentView-iOS.swift in Sources */ = {isa = PBXBuildFile; fileRef = E2496A8B2989087F003FD165 /* ContentView-iOS.swift */; };
		E27C5DC42A034B3100189B15 /* Utilities.swift in Sources */ = {isa = PBXBuildFile; fileRef = E27C5DC32A034B3100189B15 /* Utilities.swift */; };
		E27D0E63284F3FB600F43247 /* EndpointPickersApp.swift in Sources */ = {isa = PBXBuildFile; fileRef = E27D0E62284F3FB600F43247 /* EndpointPickersApp.swift */; };
		E27D0E75284F409600F43247 /* MIDIKit in Frameworks */ = {isa = PBXBuildFile; productRef = E27D0E74284F409600F43247 /* MIDIKit */; };
		E2841ABB2989CB08006907BD /* ContentView-macOS.swift in Sources */ = {isa = PBXBuildFile; fileRef = E2496A902989087F003FD165 /* ContentView-macOS.swift */; };
		E2841ABC2989CB0B006907BD /* MIDIEndpointSelectionView-macOS.swift in Sources */ = {isa = PBXBuildFile; fileRef = E2496A8E2989087F003FD165 /* MIDIEndpointSelectionView-macOS.swift */; };
		E29AC912285BF048009D1C2C /* MIDIKit in Frameworks */ = {isa = PBXBuildFile; productRef = E29AC911285BF048009D1C2C /* MIDIKit */; };
		E29FF28D2880BB54005E2BC2 /* Images.xcassets in Resources */ = {isa = PBXBuildFile; fileRef = E29FF28C2880BB54005E2BC2 /* Images.xcassets */; };
/* End PBXBuildFile section */

/* Begin PBXFileReference section */
		E21299082851D8D600957FE8 /* MIDIHelper.swift */ = {isa = PBXFileReference; lastKnownFileType = sourcecode.swift; path = MIDIHelper.swift; sourceTree = "<group>"; };
		E2496A8A2989087F003FD165 /* MIDIEndpointSelectionView-iOS.swift */ = {isa = PBXFileReference; fileEncoding = 4; lastKnownFileType = sourcecode.swift; path = "MIDIEndpointSelectionView-iOS.swift"; sourceTree = "<group>"; };
		E2496A8B2989087F003FD165 /* ContentView-iOS.swift */ = {isa = PBXFileReference; fileEncoding = 4; lastKnownFileType = sourcecode.swift; path = "ContentView-iOS.swift"; sourceTree = "<group>"; };
		E2496A8C2989087F003FD165 /* Info.plist */ = {isa = PBXFileReference; fileEncoding = 4; lastKnownFileType = text.plist.xml; path = Info.plist; sourceTree = "<group>"; };
		E2496A8E2989087F003FD165 /* MIDIEndpointSelectionView-macOS.swift */ = {isa = PBXFileReference; fileEncoding = 4; lastKnownFileType = sourcecode.swift; path = "MIDIEndpointSelectionView-macOS.swift"; sourceTree = "<group>"; };
		E2496A8F2989087F003FD165 /* EndpointPickers.entitlements */ = {isa = PBXFileReference; fileEncoding = 4; lastKnownFileType = text.plist.entitlements; path = EndpointPickers.entitlements; sourceTree = "<group>"; };
		E2496A902989087F003FD165 /* ContentView-macOS.swift */ = {isa = PBXFileReference; fileEncoding = 4; lastKnownFileType = sourcecode.swift; path = "ContentView-macOS.swift"; sourceTree = "<group>"; };
		E27C5DC32A034B3100189B15 /* Utilities.swift */ = {isa = PBXFileReference; lastKnownFileType = sourcecode.swift; path = Utilities.swift; sourceTree = "<group>"; };
		E27D0E5F284F3FB600F43247 /* EndpointPickers.app */ = {isa = PBXFileReference; explicitFileType = wrapper.application; includeInIndex = 0; path = EndpointPickers.app; sourceTree = BUILT_PRODUCTS_DIR; };
		E27D0E62284F3FB600F43247 /* EndpointPickersApp.swift */ = {isa = PBXFileReference; lastKnownFileType = sourcecode.swift; path = EndpointPickersApp.swift; sourceTree = "<group>"; };
		E2841ABA2989CAF5006907BD /* EndpointPickers.entitlements */ = {isa = PBXFileReference; lastKnownFileType = text.plist.entitlements; path = EndpointPickers.entitlements; sourceTree = "<group>"; };
		E29FF28C2880BB54005E2BC2 /* Images.xcassets */ = {isa = PBXFileReference; lastKnownFileType = folder.assetcatalog; path = Images.xcassets; sourceTree = "<group>"; };
		E2FDAE542851AA8C00F98425 /* README.md */ = {isa = PBXFileReference; lastKnownFileType = net.daringfireball.markdown; path = README.md; sourceTree = "<group>"; };
/* End PBXFileReference section */

/* Begin PBXFrameworksBuildPhase section */
		E27D0E5C284F3FB600F43247 /* Frameworks */ = {
			isa = PBXFrameworksBuildPhase;
			buildActionMask = 2147483647;
			files = (
				E29AC912285BF048009D1C2C /* MIDIKit in Frameworks */,
				E27D0E75284F409600F43247 /* MIDIKit in Frameworks */,
			);
			runOnlyForDeploymentPostprocessing = 0;
		};
/* End PBXFrameworksBuildPhase section */

/* Begin PBXGroup section */
		E2496A892989087F003FD165 /* iOS */ = {
			isa = PBXGroup;
			children = (
				E2496A8B2989087F003FD165 /* ContentView-iOS.swift */,
				E2496A8A2989087F003FD165 /* MIDIEndpointSelectionView-iOS.swift */,
				E2496A8C2989087F003FD165 /* Info.plist */,
			);
			path = iOS;
			sourceTree = "<group>";
		};
		E2496A8D2989087F003FD165 /* macOS */ = {
			isa = PBXGroup;
			children = (
				E2496A902989087F003FD165 /* ContentView-macOS.swift */,
				E2496A8E2989087F003FD165 /* MIDIEndpointSelectionView-macOS.swift */,
				E2496A8F2989087F003FD165 /* EndpointPickers.entitlements */,
			);
			path = macOS;
			sourceTree = "<group>";
		};
		E27D0E56284F3FB600F43247 = {
			isa = PBXGroup;
			children = (
				E2FDAE542851AA8C00F98425 /* README.md */,
				E27D0E61284F3FB600F43247 /* EndpointPickers */,
				E27D0E60284F3FB600F43247 /* Products */,
			);
			sourceTree = "<group>";
		};
		E27D0E60284F3FB600F43247 /* Products */ = {
			isa = PBXGroup;
			children = (
				E27D0E5F284F3FB600F43247 /* EndpointPickers.app */,
			);
			name = Products;
			sourceTree = "<group>";
		};
		E27D0E61284F3FB600F43247 /* EndpointPickers */ = {
			isa = PBXGroup;
			children = (
				E2841ABA2989CAF5006907BD /* EndpointPickers.entitlements */,
				E2496A892989087F003FD165 /* iOS */,
				E2496A8D2989087F003FD165 /* macOS */,
				E27D0E62284F3FB600F43247 /* EndpointPickersApp.swift */,
				E21299082851D8D600957FE8 /* MIDIHelper.swift */,
				E27C5DC32A034B3100189B15 /* Utilities.swift */,
				E29FF28C2880BB54005E2BC2 /* Images.xcassets */,
			);
			path = EndpointPickers;
			sourceTree = "<group>";
		};
/* End PBXGroup section */

/* Begin PBXNativeTarget section */
		E27D0E5E284F3FB600F43247 /* EndpointPickers */ = {
			isa = PBXNativeTarget;
			buildConfigurationList = E27D0E6D284F3FB700F43247 /* Build configuration list for PBXNativeTarget "EndpointPickers" */;
			buildPhases = (
				E27D0E5B284F3FB600F43247 /* Sources */,
				E27D0E5C284F3FB600F43247 /* Frameworks */,
				E27D0E5D284F3FB600F43247 /* Resources */,
			);
			buildRules = (
			);
			dependencies = (
			);
			name = EndpointPickers;
			packageProductDependencies = (
				E27D0E74284F409600F43247 /* MIDIKit */,
				E29AC911285BF048009D1C2C /* MIDIKit */,
			);
			productName = EndpointPickers;
			productReference = E27D0E5F284F3FB600F43247 /* EndpointPickers.app */;
			productType = "com.apple.product-type.application";
		};
/* End PBXNativeTarget section */

/* Begin PBXProject section */
		E27D0E57284F3FB600F43247 /* Project object */ = {
			isa = PBXProject;
			attributes = {
				BuildIndependentTargetsInParallel = 1;
				LastSwiftUpdateCheck = 1420;
				LastUpgradeCheck = 1400;
				TargetAttributes = {
					E27D0E5E284F3FB600F43247 = {
						CreatedOnToolsVersion = 14.0;
					};
				};
			};
			buildConfigurationList = E27D0E5A284F3FB600F43247 /* Build configuration list for PBXProject "EndpointPickers" */;
			compatibilityVersion = "Xcode 11.0";
			developmentRegion = en;
			hasScannedForEncodings = 0;
			knownRegions = (
				en,
				Base,
			);
			mainGroup = E27D0E56284F3FB600F43247;
			packageReferences = (
				E29AC910285BF048009D1C2C /* XCRemoteSwiftPackageReference "MIDIKit" */,
			);
			productRefGroup = E27D0E60284F3FB600F43247 /* Products */;
			projectDirPath = "";
			projectRoot = "";
			targets = (
				E27D0E5E284F3FB600F43247 /* EndpointPickers */,
			);
		};
/* End PBXProject section */

/* Begin PBXResourcesBuildPhase section */
		E27D0E5D284F3FB600F43247 /* Resources */ = {
			isa = PBXResourcesBuildPhase;
			buildActionMask = 2147483647;
			files = (
				E29FF28D2880BB54005E2BC2 /* Images.xcassets in Resources */,
			);
			runOnlyForDeploymentPostprocessing = 0;
		};
/* End PBXResourcesBuildPhase section */

/* Begin PBXSourcesBuildPhase section */
		E27D0E5B284F3FB600F43247 /* Sources */ = {
			isa = PBXSourcesBuildPhase;
			buildActionMask = 2147483647;
			files = (
				E27D0E63284F3FB600F43247 /* EndpointPickersApp.swift in Sources */,
				E2841ABB2989CB08006907BD /* ContentView-macOS.swift in Sources */,
				E27C5DC42A034B3100189B15 /* Utilities.swift in Sources */,
				E21299092851D8D600957FE8 /* MIDIHelper.swift in Sources */,
				E2496A922989087F003FD165 /* ContentView-iOS.swift in Sources */,
				E2496A912989087F003FD165 /* MIDIEndpointSelectionView-iOS.swift in Sources */,
				E2841ABC2989CB0B006907BD /* MIDIEndpointSelectionView-macOS.swift in Sources */,
			);
			runOnlyForDeploymentPostprocessing = 0;
		};
/* End PBXSourcesBuildPhase section */

/* Begin XCBuildConfiguration section */
		E27D0E6B284F3FB700F43247 /* Debug */ = {
			isa = XCBuildConfiguration;
			buildSettings = {
				ALWAYS_SEARCH_USER_PATHS = NO;
				CLANG_ANALYZER_NONNULL = YES;
				CLANG_ANALYZER_NUMBER_OBJECT_CONVERSION = YES_AGGRESSIVE;
				CLANG_CXX_LANGUAGE_STANDARD = "gnu++17";
				CLANG_ENABLE_MODULES = YES;
				CLANG_ENABLE_OBJC_ARC = YES;
				CLANG_ENABLE_OBJC_WEAK = YES;
				CLANG_WARN_BLOCK_CAPTURE_AUTORELEASING = YES;
				CLANG_WARN_BOOL_CONVERSION = YES;
				CLANG_WARN_COMMA = YES;
				CLANG_WARN_CONSTANT_CONVERSION = YES;
				CLANG_WARN_DEPRECATED_OBJC_IMPLEMENTATIONS = YES;
				CLANG_WARN_DIRECT_OBJC_ISA_USAGE = YES_ERROR;
				CLANG_WARN_DOCUMENTATION_COMMENTS = YES;
				CLANG_WARN_EMPTY_BODY = YES;
				CLANG_WARN_ENUM_CONVERSION = YES;
				CLANG_WARN_INFINITE_RECURSION = YES;
				CLANG_WARN_INT_CONVERSION = YES;
				CLANG_WARN_NON_LITERAL_NULL_CONVERSION = YES;
				CLANG_WARN_OBJC_IMPLICIT_RETAIN_SELF = YES;
				CLANG_WARN_OBJC_LITERAL_CONVERSION = YES;
				CLANG_WARN_OBJC_ROOT_CLASS = YES_ERROR;
				CLANG_WARN_QUOTED_INCLUDE_IN_FRAMEWORK_HEADER = YES;
				CLANG_WARN_RANGE_LOOP_ANALYSIS = YES;
				CLANG_WARN_STRICT_PROTOTYPES = YES;
				CLANG_WARN_SUSPICIOUS_MOVE = YES;
				CLANG_WARN_UNGUARDED_AVAILABILITY = YES_AGGRESSIVE;
				CLANG_WARN_UNREACHABLE_CODE = YES;
				CLANG_WARN__DUPLICATE_METHOD_MATCH = YES;
				COPY_PHASE_STRIP = NO;
				DEBUG_INFORMATION_FORMAT = dwarf;
				ENABLE_STRICT_OBJC_MSGSEND = YES;
				ENABLE_TESTABILITY = YES;
				GCC_C_LANGUAGE_STANDARD = gnu11;
				GCC_DYNAMIC_NO_PIC = NO;
				GCC_NO_COMMON_BLOCKS = YES;
				GCC_OPTIMIZATION_LEVEL = 0;
				GCC_PREPROCESSOR_DEFINITIONS = (
					"DEBUG=1",
					"$(inherited)",
				);
				GCC_WARN_64_TO_32_BIT_CONVERSION = YES;
				GCC_WARN_ABOUT_RETURN_TYPE = YES_ERROR;
				GCC_WARN_UNDECLARED_SELECTOR = YES;
				GCC_WARN_UNINITIALIZED_AUTOS = YES_AGGRESSIVE;
				GCC_WARN_UNUSED_FUNCTION = YES;
				GCC_WARN_UNUSED_VARIABLE = YES;
				IPHONEOS_DEPLOYMENT_TARGET = 14.0;
				MACOSX_DEPLOYMENT_TARGET = 11.0;
				MTL_ENABLE_DEBUG_INFO = INCLUDE_SOURCE;
				MTL_FAST_MATH = YES;
				ONLY_ACTIVE_ARCH = YES;
				SDKROOT = iphoneos;
				SWIFT_ACTIVE_COMPILATION_CONDITIONS = DEBUG;
				SWIFT_OPTIMIZATION_LEVEL = "-Onone";
			};
			name = Debug;
		};
		E27D0E6C284F3FB700F43247 /* Release */ = {
			isa = XCBuildConfiguration;
			buildSettings = {
				ALWAYS_SEARCH_USER_PATHS = NO;
				CLANG_ANALYZER_NONNULL = YES;
				CLANG_ANALYZER_NUMBER_OBJECT_CONVERSION = YES_AGGRESSIVE;
				CLANG_CXX_LANGUAGE_STANDARD = "gnu++17";
				CLANG_ENABLE_MODULES = YES;
				CLANG_ENABLE_OBJC_ARC = YES;
				CLANG_ENABLE_OBJC_WEAK = YES;
				CLANG_WARN_BLOCK_CAPTURE_AUTORELEASING = YES;
				CLANG_WARN_BOOL_CONVERSION = YES;
				CLANG_WARN_COMMA = YES;
				CLANG_WARN_CONSTANT_CONVERSION = YES;
				CLANG_WARN_DEPRECATED_OBJC_IMPLEMENTATIONS = YES;
				CLANG_WARN_DIRECT_OBJC_ISA_USAGE = YES_ERROR;
				CLANG_WARN_DOCUMENTATION_COMMENTS = YES;
				CLANG_WARN_EMPTY_BODY = YES;
				CLANG_WARN_ENUM_CONVERSION = YES;
				CLANG_WARN_INFINITE_RECURSION = YES;
				CLANG_WARN_INT_CONVERSION = YES;
				CLANG_WARN_NON_LITERAL_NULL_CONVERSION = YES;
				CLANG_WARN_OBJC_IMPLICIT_RETAIN_SELF = YES;
				CLANG_WARN_OBJC_LITERAL_CONVERSION = YES;
				CLANG_WARN_OBJC_ROOT_CLASS = YES_ERROR;
				CLANG_WARN_QUOTED_INCLUDE_IN_FRAMEWORK_HEADER = YES;
				CLANG_WARN_RANGE_LOOP_ANALYSIS = YES;
				CLANG_WARN_STRICT_PROTOTYPES = YES;
				CLANG_WARN_SUSPICIOUS_MOVE = YES;
				CLANG_WARN_UNGUARDED_AVAILABILITY = YES_AGGRESSIVE;
				CLANG_WARN_UNREACHABLE_CODE = YES;
				CLANG_WARN__DUPLICATE_METHOD_MATCH = YES;
				COPY_PHASE_STRIP = NO;
				DEBUG_INFORMATION_FORMAT = "dwarf-with-dsym";
				ENABLE_NS_ASSERTIONS = NO;
				ENABLE_STRICT_OBJC_MSGSEND = YES;
				GCC_C_LANGUAGE_STANDARD = gnu11;
				GCC_NO_COMMON_BLOCKS = YES;
				GCC_WARN_64_TO_32_BIT_CONVERSION = YES;
				GCC_WARN_ABOUT_RETURN_TYPE = YES_ERROR;
				GCC_WARN_UNDECLARED_SELECTOR = YES;
				GCC_WARN_UNINITIALIZED_AUTOS = YES_AGGRESSIVE;
				GCC_WARN_UNUSED_FUNCTION = YES;
				GCC_WARN_UNUSED_VARIABLE = YES;
				IPHONEOS_DEPLOYMENT_TARGET = 14.0;
				MACOSX_DEPLOYMENT_TARGET = 11.0;
				MTL_ENABLE_DEBUG_INFO = NO;
				MTL_FAST_MATH = YES;
				SDKROOT = iphoneos;
				SWIFT_COMPILATION_MODE = wholemodule;
				SWIFT_OPTIMIZATION_LEVEL = "-O";
				VALIDATE_PRODUCT = YES;
			};
			name = Release;
		};
		E27D0E6E284F3FB700F43247 /* Debug */ = {
			isa = XCBuildConfiguration;
			buildSettings = {
				ASSETCATALOG_COMPILER_APPICON_NAME = AppIcon;
				ASSETCATALOG_COMPILER_GLOBAL_ACCENT_COLOR_NAME = AccentColor;
				CODE_SIGN_ENTITLEMENTS = EndpointPickers/EndpointPickers.entitlements;
				CODE_SIGN_IDENTITY = "Apple Development";
				"CODE_SIGN_IDENTITY[sdk=macosx*]" = "-";
				CODE_SIGN_STYLE = Automatic;
				CURRENT_PROJECT_VERSION = 1;
				DEVELOPMENT_TEAM = "";
				ENABLE_PREVIEWS = YES;
				GENERATE_INFOPLIST_FILE = YES;
				INFOPLIST_FILE = EndpointPickers/iOS/Info.plist;
				INFOPLIST_KEY_CFBundleDisplayName = EndpointPickersSwiftUI;
				INFOPLIST_KEY_LSApplicationCategoryType = "public.app-category.music";
				INFOPLIST_KEY_UIApplicationSceneManifest_Generation = YES;
				INFOPLIST_KEY_UIApplicationSupportsIndirectInputEvents = YES;
				INFOPLIST_KEY_UILaunchScreen_Generation = YES;
				INFOPLIST_KEY_UISupportedInterfaceOrientations_iPad = "UIInterfaceOrientationPortrait UIInterfaceOrientationPortraitUpsideDown UIInterfaceOrientationLandscapeLeft UIInterfaceOrientationLandscapeRight";
				INFOPLIST_KEY_UISupportedInterfaceOrientations_iPhone = "UIInterfaceOrientationPortrait UIInterfaceOrientationLandscapeLeft UIInterfaceOrientationLandscapeRight";
				LD_RUNPATH_SEARCH_PATHS = (
					"$(inherited)",
					"@executable_path/Frameworks",
				);
				MARKETING_VERSION = 1.0;
				PRODUCT_BUNDLE_IDENTIFIER = "com.orchetect.midikit.EndpointPickers${DEVELOPMENT_TEAM}";
				PRODUCT_NAME = "$(TARGET_NAME)";
				PROVISIONING_PROFILE_SPECIFIER = "";
				SUPPORTED_PLATFORMS = "iphoneos iphonesimulator macosx";
				SUPPORTS_MACCATALYST = YES;
				SUPPORTS_MAC_DESIGNED_FOR_IPHONE_IPAD = YES;
				SWIFT_EMIT_LOC_STRINGS = YES;
				SWIFT_VERSION = 5.0;
				TARGETED_DEVICE_FAMILY = "1,2";
			};
			name = Debug;
		};
		E27D0E6F284F3FB700F43247 /* Release */ = {
			isa = XCBuildConfiguration;
			buildSettings = {
				ASSETCATALOG_COMPILER_APPICON_NAME = AppIcon;
				ASSETCATALOG_COMPILER_GLOBAL_ACCENT_COLOR_NAME = AccentColor;
				CODE_SIGN_ENTITLEMENTS = EndpointPickers/EndpointPickers.entitlements;
				CODE_SIGN_IDENTITY = "Apple Development";
				"CODE_SIGN_IDENTITY[sdk=macosx*]" = "-";
				CODE_SIGN_STYLE = Automatic;
				CURRENT_PROJECT_VERSION = 1;
				DEVELOPMENT_TEAM = "";
				ENABLE_PREVIEWS = YES;
				GENERATE_INFOPLIST_FILE = YES;
				INFOPLIST_FILE = EndpointPickers/iOS/Info.plist;
				INFOPLIST_KEY_CFBundleDisplayName = EndpointPickersSwiftUI;
				INFOPLIST_KEY_LSApplicationCategoryType = "public.app-category.music";
				INFOPLIST_KEY_UIApplicationSceneManifest_Generation = YES;
				INFOPLIST_KEY_UIApplicationSupportsIndirectInputEvents = YES;
				INFOPLIST_KEY_UILaunchScreen_Generation = YES;
				INFOPLIST_KEY_UISupportedInterfaceOrientations_iPad = "UIInterfaceOrientationPortrait UIInterfaceOrientationPortraitUpsideDown UIInterfaceOrientationLandscapeLeft UIInterfaceOrientationLandscapeRight";
				INFOPLIST_KEY_UISupportedInterfaceOrientations_iPhone = "UIInterfaceOrientationPortrait UIInterfaceOrientationLandscapeLeft UIInterfaceOrientationLandscapeRight";
				LD_RUNPATH_SEARCH_PATHS = (
					"$(inherited)",
					"@executable_path/Frameworks",
				);
				MARKETING_VERSION = 1.0;
				PRODUCT_BUNDLE_IDENTIFIER = "com.orchetect.midikit.EndpointPickers${DEVELOPMENT_TEAM}";
				PRODUCT_NAME = "$(TARGET_NAME)";
				PROVISIONING_PROFILE_SPECIFIER = "";
				SUPPORTED_PLATFORMS = "iphoneos iphonesimulator macosx";
				SUPPORTS_MACCATALYST = YES;
				SUPPORTS_MAC_DESIGNED_FOR_IPHONE_IPAD = YES;
				SWIFT_EMIT_LOC_STRINGS = YES;
				SWIFT_VERSION = 5.0;
				TARGETED_DEVICE_FAMILY = "1,2";
			};
			name = Release;
		};
/* End XCBuildConfiguration section */

/* Begin XCConfigurationList section */
		E27D0E5A284F3FB600F43247 /* Build configuration list for PBXProject "EndpointPickers" */ = {
			isa = XCConfigurationList;
			buildConfigurations = (
				E27D0E6B284F3FB700F43247 /* Debug */,
				E27D0E6C284F3FB700F43247 /* Release */,
			);
			defaultConfigurationIsVisible = 0;
			defaultConfigurationName = Release;
		};
		E27D0E6D284F3FB700F43247 /* Build configuration list for PBXNativeTarget "EndpointPickers" */ = {
			isa = XCConfigurationList;
			buildConfigurations = (
				E27D0E6E284F3FB700F43247 /* Debug */,
				E27D0E6F284F3FB700F43247 /* Release */,
			);
			defaultConfigurationIsVisible = 0;
			defaultConfigurationName = Release;
		};
/* End XCConfigurationList section */

/* Begin XCRemoteSwiftPackageReference section */
		E29AC910285BF048009D1C2C /* XCRemoteSwiftPackageReference "MIDIKit" */ = {
			isa = XCRemoteSwiftPackageReference;
			repositoryURL = "https://github.com/orchetect/MIDIKit";
			requirement = {
				kind = upToNextMajorVersion;
				minimumVersion = 0.8.1;
			};
		};
/* End XCRemoteSwiftPackageReference section */

/* Begin XCSwiftPackageProductDependency section */
		E27D0E74284F409600F43247 /* MIDIKit */ = {
			isa = XCSwiftPackageProductDependency;
			productName = MIDIKit;
		};
		E29AC911285BF048009D1C2C /* MIDIKit */ = {
			isa = XCSwiftPackageProductDependency;
			package = E29AC910285BF048009D1C2C /* XCRemoteSwiftPackageReference "MIDIKit" */;
			productName = MIDIKit;
		};
/* End XCSwiftPackageProductDependency section */
	};
	rootObject = E27D0E57284F3FB600F43247 /* Project object */;
}
