// !$*UTF8*$!
{
	archiveVersion = 1;
	classes = {
	};
	objectVersion = 52;
	objects = {

/* Begin PBXBuildFile section */
		E205B44425E86AA7001A07D1 /* WebKitView.swift in Sources */ = {isa = PBXBuildFile; fileRef = E205B44325E86AA7001A07D1 /* WebKitView.swift */; };
		E230C4A325AE7B31005DCB55 /* AppDelegate.swift in Sources */ = {isa = PBXBuildFile; fileRef = E230C4A225AE7B31005DCB55 /* AppDelegate.swift */; };
		E230C4A525AE7B31005DCB55 /* ContentView.swift in Sources */ = {isa = PBXBuildFile; fileRef = E230C4A425AE7B31005DCB55 /* ContentView.swift */; };
		E230C4AD25AE7B33005DCB55 /* Main.storyboard in Resources */ = {isa = PBXBuildFile; fileRef = E230C4AB25AE7B33005DCB55 /* Main.storyboard */; };
		E24D200525BE75A90095BDE5 /* OTCore in Frameworks */ = {isa = PBXBuildFile; productRef = E24D200425BE75A90095BDE5 /* OTCore */; };
		E24D200B25BE75D90095BDE5 /* MIDIKit in Frameworks */ = {isa = PBXBuildFile; productRef = E24D200A25BE75D90095BDE5 /* MIDIKit */; };
		E26B849C25EDA4F400080052 /* DetailsView.swift in Sources */ = {isa = PBXBuildFile; fileRef = E26B849B25EDA4F400080052 /* DetailsView.swift */; };
		E293070425E90D750011904C /* HostingWindowKey.swift in Sources */ = {isa = PBXBuildFile; fileRef = E293070325E90D750011904C /* HostingWindowKey.swift */; };
		E2F71ED22758E92E006254C0 /* Log.swift in Sources */ = {isa = PBXBuildFile; fileRef = E2F71ED12758E92E006254C0 /* Log.swift */; };
/* End PBXBuildFile section */

/* Begin PBXFileReference section */
		E205B44325E86AA7001A07D1 /* WebKitView.swift */ = {isa = PBXFileReference; lastKnownFileType = sourcecode.swift; path = WebKitView.swift; sourceTree = "<group>"; };
		E230C49F25AE7B31005DCB55 /* MIDISystemInfo.app */ = {isa = PBXFileReference; explicitFileType = wrapper.application; includeInIndex = 0; path = MIDISystemInfo.app; sourceTree = BUILT_PRODUCTS_DIR; };
		E230C4A225AE7B31005DCB55 /* AppDelegate.swift */ = {isa = PBXFileReference; lastKnownFileType = sourcecode.swift; path = AppDelegate.swift; sourceTree = "<group>"; };
		E230C4A425AE7B31005DCB55 /* ContentView.swift */ = {isa = PBXFileReference; lastKnownFileType = sourcecode.swift; path = ContentView.swift; sourceTree = "<group>"; };
		E230C4AC25AE7B33005DCB55 /* Base */ = {isa = PBXFileReference; lastKnownFileType = file.storyboard; name = Base; path = Base.lproj/Main.storyboard; sourceTree = "<group>"; };
		E230C4AE25AE7B33005DCB55 /* Info.plist */ = {isa = PBXFileReference; lastKnownFileType = text.plist.xml; path = Info.plist; sourceTree = "<group>"; };
		E230C4AF25AE7B33005DCB55 /* MIDISystemInfo.entitlements */ = {isa = PBXFileReference; lastKnownFileType = text.plist.entitlements; path = MIDISystemInfo.entitlements; sourceTree = "<group>"; };
		E26B849B25EDA4F400080052 /* DetailsView.swift */ = {isa = PBXFileReference; lastKnownFileType = sourcecode.swift; path = DetailsView.swift; sourceTree = "<group>"; };
		E293070325E90D750011904C /* HostingWindowKey.swift */ = {isa = PBXFileReference; lastKnownFileType = sourcecode.swift; path = HostingWindowKey.swift; sourceTree = "<group>"; };
		E2BE8483268BCA570034F62C /* MIDIKit */ = {isa = PBXFileReference; lastKnownFileType = folder; name = MIDIKit; path = ../..; sourceTree = "<group>"; };
		E2F71ED12758E92E006254C0 /* Log.swift */ = {isa = PBXFileReference; fileEncoding = 4; lastKnownFileType = sourcecode.swift; path = Log.swift; sourceTree = "<group>"; };
/* End PBXFileReference section */

/* Begin PBXFrameworksBuildPhase section */
		E230C49C25AE7B31005DCB55 /* Frameworks */ = {
			isa = PBXFrameworksBuildPhase;
			buildActionMask = 2147483647;
			files = (
				E24D200B25BE75D90095BDE5 /* MIDIKit in Frameworks */,
				E24D200525BE75A90095BDE5 /* OTCore in Frameworks */,
			);
			runOnlyForDeploymentPostprocessing = 0;
		};
/* End PBXFrameworksBuildPhase section */

/* Begin PBXGroup section */
		E230C49625AE7B31005DCB55 = {
			isa = PBXGroup;
			children = (
				E2BE8483268BCA570034F62C /* MIDIKit */,
				E230C4A125AE7B31005DCB55 /* MIDISystemInfo */,
				E230C4A025AE7B31005DCB55 /* Products */,
			);
			sourceTree = "<group>";
		};
		E230C4A025AE7B31005DCB55 /* Products */ = {
			isa = PBXGroup;
			children = (
				E230C49F25AE7B31005DCB55 /* MIDISystemInfo.app */,
			);
			name = Products;
			sourceTree = "<group>";
		};
		E230C4A125AE7B31005DCB55 /* MIDISystemInfo */ = {
			isa = PBXGroup;
			children = (
				E230C4A225AE7B31005DCB55 /* AppDelegate.swift */,
				E2AC6C7925EDF8FF008A4558 /* ContentView */,
				E26B849B25EDA4F400080052 /* DetailsView.swift */,
				E205B44325E86AA7001A07D1 /* WebKitView.swift */,
				E293070325E90D750011904C /* HostingWindowKey.swift */,
				E2F71ED12758E92E006254C0 /* Log.swift */,
				E230C4AB25AE7B33005DCB55 /* Main.storyboard */,
				E230C4AE25AE7B33005DCB55 /* Info.plist */,
				E230C4AF25AE7B33005DCB55 /* MIDISystemInfo.entitlements */,
			);
			path = MIDISystemInfo;
			sourceTree = "<group>";
		};
		E2AC6C7925EDF8FF008A4558 /* ContentView */ = {
			isa = PBXGroup;
			children = (
				E230C4A425AE7B31005DCB55 /* ContentView.swift */,
			);
			path = ContentView;
			sourceTree = "<group>";
		};
/* End PBXGroup section */

/* Begin PBXNativeTarget section */
		E230C49E25AE7B31005DCB55 /* MIDISystemInfo */ = {
			isa = PBXNativeTarget;
			buildConfigurationList = E230C4C825AE7B33005DCB55 /* Build configuration list for PBXNativeTarget "MIDISystemInfo" */;
			buildPhases = (
				E230C49B25AE7B31005DCB55 /* Sources */,
				E230C49C25AE7B31005DCB55 /* Frameworks */,
				E230C49D25AE7B31005DCB55 /* Resources */,
			);
			buildRules = (
			);
			dependencies = (
			);
			name = MIDISystemInfo;
			packageProductDependencies = (
				E24D200425BE75A90095BDE5 /* OTCore */,
				E24D200A25BE75D90095BDE5 /* MIDIKit */,
			);
			productName = MIDISystemInfo;
			productReference = E230C49F25AE7B31005DCB55 /* MIDISystemInfo.app */;
			productType = "com.apple.product-type.application";
		};
/* End PBXNativeTarget section */

/* Begin PBXProject section */
		E230C49725AE7B31005DCB55 /* Project object */ = {
			isa = PBXProject;
			attributes = {
				LastSwiftUpdateCheck = 1230;
				LastUpgradeCheck = 1230;
				TargetAttributes = {
					E230C49E25AE7B31005DCB55 = {
						CreatedOnToolsVersion = 12.3;
					};
				};
			};
			buildConfigurationList = E230C49A25AE7B31005DCB55 /* Build configuration list for PBXProject "MIDISystemInfo" */;
			compatibilityVersion = "Xcode 9.3";
			developmentRegion = en;
			hasScannedForEncodings = 0;
			knownRegions = (
				en,
				Base,
			);
			mainGroup = E230C49625AE7B31005DCB55;
			packageReferences = (
				E24D200325BE75A90095BDE5 /* XCRemoteSwiftPackageReference "OTCore" */,
			);
			productRefGroup = E230C4A025AE7B31005DCB55 /* Products */;
			projectDirPath = "";
			projectRoot = "";
			targets = (
				E230C49E25AE7B31005DCB55 /* MIDISystemInfo */,
			);
		};
/* End PBXProject section */

/* Begin PBXResourcesBuildPhase section */
		E230C49D25AE7B31005DCB55 /* Resources */ = {
			isa = PBXResourcesBuildPhase;
			buildActionMask = 2147483647;
			files = (
				E230C4AD25AE7B33005DCB55 /* Main.storyboard in Resources */,
			);
			runOnlyForDeploymentPostprocessing = 0;
		};
/* End PBXResourcesBuildPhase section */

/* Begin PBXSourcesBuildPhase section */
		E230C49B25AE7B31005DCB55 /* Sources */ = {
			isa = PBXSourcesBuildPhase;
			buildActionMask = 2147483647;
			files = (
				E205B44425E86AA7001A07D1 /* WebKitView.swift in Sources */,
				E2F71ED22758E92E006254C0 /* Log.swift in Sources */,
				E26B849C25EDA4F400080052 /* DetailsView.swift in Sources */,
				E230C4A525AE7B31005DCB55 /* ContentView.swift in Sources */,
				E293070425E90D750011904C /* HostingWindowKey.swift in Sources */,
				E230C4A325AE7B31005DCB55 /* AppDelegate.swift in Sources */,
			);
			runOnlyForDeploymentPostprocessing = 0;
		};
/* End PBXSourcesBuildPhase section */

/* Begin PBXVariantGroup section */
		E230C4AB25AE7B33005DCB55 /* Main.storyboard */ = {
			isa = PBXVariantGroup;
			children = (
				E230C4AC25AE7B33005DCB55 /* Base */,
			);
			name = Main.storyboard;
			sourceTree = "<group>";
		};
/* End PBXVariantGroup section */

/* Begin XCBuildConfiguration section */
		E230C4C625AE7B33005DCB55 /* Debug */ = {
			isa = XCBuildConfiguration;
			buildSettings = {
				ALWAYS_SEARCH_USER_PATHS = NO;
				CLANG_ANALYZER_NONNULL = YES;
				CLANG_ANALYZER_NUMBER_OBJECT_CONVERSION = YES_AGGRESSIVE;
				CLANG_CXX_LANGUAGE_STANDARD = "gnu++14";
				CLANG_CXX_LIBRARY = "libc++";
				CLANG_ENABLE_MODULES = YES;
				CLANG_ENABLE_OBJC_ARC = YES;
				CLANG_ENABLE_OBJC_WEAK = YES;
				CLANG_WARN_BLOCK_CAPTURE_AUTORELEASING = YES;
				CLANG_WARN_BOOL_CONVERSION = YES;
				CLANG_WARN_COMMA = YES;
				CLANG_WARN_CONSTANT_CONVERSION = YES;
				CLANG_WARN_DEPRECATED_OBJC_IMPLEMENTATIONS = YES;
				CLANG_WARN_DIRECT_OBJC_ISA_USAGE = YES_ERROR;
				CLANG_WARN_DOCUMENTATION_COMMENTS = YES;
				CLANG_WARN_EMPTY_BODY = YES;
				CLANG_WARN_ENUM_CONVERSION = YES;
				CLANG_WARN_INFINITE_RECURSION = YES;
				CLANG_WARN_INT_CONVERSION = YES;
				CLANG_WARN_NON_LITERAL_NULL_CONVERSION = YES;
				CLANG_WARN_OBJC_IMPLICIT_RETAIN_SELF = YES;
				CLANG_WARN_OBJC_LITERAL_CONVERSION = YES;
				CLANG_WARN_OBJC_ROOT_CLASS = YES_ERROR;
				CLANG_WARN_QUOTED_INCLUDE_IN_FRAMEWORK_HEADER = YES;
				CLANG_WARN_RANGE_LOOP_ANALYSIS = YES;
				CLANG_WARN_STRICT_PROTOTYPES = YES;
				CLANG_WARN_SUSPICIOUS_MOVE = YES;
				CLANG_WARN_UNGUARDED_AVAILABILITY = YES_AGGRESSIVE;
				CLANG_WARN_UNREACHABLE_CODE = YES;
				CLANG_WARN__DUPLICATE_METHOD_MATCH = YES;
				COPY_PHASE_STRIP = NO;
				DEBUG_INFORMATION_FORMAT = dwarf;
				ENABLE_STRICT_OBJC_MSGSEND = YES;
				ENABLE_TESTABILITY = YES;
				GCC_C_LANGUAGE_STANDARD = gnu11;
				GCC_DYNAMIC_NO_PIC = NO;
				GCC_NO_COMMON_BLOCKS = YES;
				GCC_OPTIMIZATION_LEVEL = 0;
				GCC_PREPROCESSOR_DEFINITIONS = (
					"DEBUG=1",
					"$(inherited)",
				);
				GCC_WARN_64_TO_32_BIT_CONVERSION = YES;
				GCC_WARN_ABOUT_RETURN_TYPE = YES_ERROR;
				GCC_WARN_UNDECLARED_SELECTOR = YES;
				GCC_WARN_UNINITIALIZED_AUTOS = YES_AGGRESSIVE;
				GCC_WARN_UNUSED_FUNCTION = YES;
				GCC_WARN_UNUSED_VARIABLE = YES;
				MACOSX_DEPLOYMENT_TARGET = 10.15;
				MTL_ENABLE_DEBUG_INFO = INCLUDE_SOURCE;
				MTL_FAST_MATH = YES;
				ONLY_ACTIVE_ARCH = YES;
				SDKROOT = macosx;
				SWIFT_ACTIVE_COMPILATION_CONDITIONS = DEBUG;
				SWIFT_OPTIMIZATION_LEVEL = "-Onone";
			};
			name = Debug;
		};
		E230C4C725AE7B33005DCB55 /* Release */ = {
			isa = XCBuildConfiguration;
			buildSettings = {
				ALWAYS_SEARCH_USER_PATHS = NO;
				CLANG_ANALYZER_NONNULL = YES;
				CLANG_ANALYZER_NUMBER_OBJECT_CONVERSION = YES_AGGRESSIVE;
				CLANG_CXX_LANGUAGE_STANDARD = "gnu++14";
				CLANG_CXX_LIBRARY = "libc++";
				CLANG_ENABLE_MODULES = YES;
				CLANG_ENABLE_OBJC_ARC = YES;
				CLANG_ENABLE_OBJC_WEAK = YES;
				CLANG_WARN_BLOCK_CAPTURE_AUTORELEASING = YES;
				CLANG_WARN_BOOL_CONVERSION = YES;
				CLANG_WARN_COMMA = YES;
				CLANG_WARN_CONSTANT_CONVERSION = YES;
				CLANG_WARN_DEPRECATED_OBJC_IMPLEMENTATIONS = YES;
				CLANG_WARN_DIRECT_OBJC_ISA_USAGE = YES_ERROR;
				CLANG_WARN_DOCUMENTATION_COMMENTS = YES;
				CLANG_WARN_EMPTY_BODY = YES;
				CLANG_WARN_ENUM_CONVERSION = YES;
				CLANG_WARN_INFINITE_RECURSION = YES;
				CLANG_WARN_INT_CONVERSION = YES;
				CLANG_WARN_NON_LITERAL_NULL_CONVERSION = YES;
				CLANG_WARN_OBJC_IMPLICIT_RETAIN_SELF = YES;
				CLANG_WARN_OBJC_LITERAL_CONVERSION = YES;
				CLANG_WARN_OBJC_ROOT_CLASS = YES_ERROR;
				CLANG_WARN_QUOTED_INCLUDE_IN_FRAMEWORK_HEADER = YES;
				CLANG_WARN_RANGE_LOOP_ANALYSIS = YES;
				CLANG_WARN_STRICT_PROTOTYPES = YES;
				CLANG_WARN_SUSPICIOUS_MOVE = YES;
				CLANG_WARN_UNGUARDED_AVAILABILITY = YES_AGGRESSIVE;
				CLANG_WARN_UNREACHABLE_CODE = YES;
				CLANG_WARN__DUPLICATE_METHOD_MATCH = YES;
				COPY_PHASE_STRIP = NO;
				DEBUG_INFORMATION_FORMAT = "dwarf-with-dsym";
				ENABLE_NS_ASSERTIONS = NO;
				ENABLE_STRICT_OBJC_MSGSEND = YES;
				GCC_C_LANGUAGE_STANDARD = gnu11;
				GCC_NO_COMMON_BLOCKS = YES;
				GCC_WARN_64_TO_32_BIT_CONVERSION = YES;
				GCC_WARN_ABOUT_RETURN_TYPE = YES_ERROR;
				GCC_WARN_UNDECLARED_SELECTOR = YES;
				GCC_WARN_UNINITIALIZED_AUTOS = YES_AGGRESSIVE;
				GCC_WARN_UNUSED_FUNCTION = YES;
				GCC_WARN_UNUSED_VARIABLE = YES;
				MACOSX_DEPLOYMENT_TARGET = 10.15;
				MTL_ENABLE_DEBUG_INFO = NO;
				MTL_FAST_MATH = YES;
				SDKROOT = macosx;
				SWIFT_COMPILATION_MODE = wholemodule;
				SWIFT_OPTIMIZATION_LEVEL = "-O";
			};
			name = Release;
		};
		E230C4C925AE7B33005DCB55 /* Debug */ = {
			isa = XCBuildConfiguration;
			buildSettings = {
				ASSETCATALOG_COMPILER_GLOBAL_ACCENT_COLOR_NAME = AccentColor;
				CODE_SIGN_ENTITLEMENTS = MIDISystemInfo/MIDISystemInfo.entitlements;
				CODE_SIGN_STYLE = Automatic;
				COMBINE_HIDPI_IMAGES = YES;
				DEVELOPMENT_TEAM = "";
				ENABLE_HARDENED_RUNTIME = YES;
				ENABLE_PREVIEWS = YES;
				INFOPLIST_FILE = MIDISystemInfo/Info.plist;
				LD_RUNPATH_SEARCH_PATHS = (
					"$(inherited)",
					"@executable_path/../Frameworks",
				);
				PRODUCT_BUNDLE_IDENTIFIER = com.orchetect.MIDISystemInfo;
				PRODUCT_NAME = "$(TARGET_NAME)";
				SWIFT_VERSION = 5.0;
			};
			name = Debug;
		};
		E230C4CA25AE7B33005DCB55 /* Release */ = {
			isa = XCBuildConfiguration;
			buildSettings = {
				ASSETCATALOG_COMPILER_GLOBAL_ACCENT_COLOR_NAME = AccentColor;
				CODE_SIGN_ENTITLEMENTS = MIDISystemInfo/MIDISystemInfo.entitlements;
				CODE_SIGN_STYLE = Automatic;
				COMBINE_HIDPI_IMAGES = YES;
				DEVELOPMENT_TEAM = "";
				ENABLE_HARDENED_RUNTIME = YES;
				ENABLE_PREVIEWS = YES;
				INFOPLIST_FILE = MIDISystemInfo/Info.plist;
				LD_RUNPATH_SEARCH_PATHS = (
					"$(inherited)",
					"@executable_path/../Frameworks",
				);
				PRODUCT_BUNDLE_IDENTIFIER = com.orchetect.MIDISystemInfo;
				PRODUCT_NAME = "$(TARGET_NAME)";
				SWIFT_VERSION = 5.0;
			};
			name = Release;
		};
/* End XCBuildConfiguration section */

/* Begin XCConfigurationList section */
		E230C49A25AE7B31005DCB55 /* Build configuration list for PBXProject "MIDISystemInfo" */ = {
			isa = XCConfigurationList;
			buildConfigurations = (
				E230C4C625AE7B33005DCB55 /* Debug */,
				E230C4C725AE7B33005DCB55 /* Release */,
			);
			defaultConfigurationIsVisible = 0;
			defaultConfigurationName = Release;
		};
		E230C4C825AE7B33005DCB55 /* Build configuration list for PBXNativeTarget "MIDISystemInfo" */ = {
			isa = XCConfigurationList;
			buildConfigurations = (
				E230C4C925AE7B33005DCB55 /* Debug */,
				E230C4CA25AE7B33005DCB55 /* Release */,
			);
			defaultConfigurationIsVisible = 0;
			defaultConfigurationName = Release;
		};
/* End XCConfigurationList section */

/* Begin XCRemoteSwiftPackageReference section */
		E24D200325BE75A90095BDE5 /* XCRemoteSwiftPackageReference "OTCore" */ = {
			isa = XCRemoteSwiftPackageReference;
			repositoryURL = "https://github.com/orchetect/OTCore.git";
			requirement = {
				kind = upToNextMajorVersion;
				minimumVersion = 1.3.0;
			};
		};
/* End XCRemoteSwiftPackageReference section */

/* Begin XCSwiftPackageProductDependency section */
		E24D200425BE75A90095BDE5 /* OTCore */ = {
			isa = XCSwiftPackageProductDependency;
			package = E24D200325BE75A90095BDE5 /* XCRemoteSwiftPackageReference "OTCore" */;
			productName = OTCore;
		};
		E24D200A25BE75D90095BDE5 /* MIDIKit */ = {
			isa = XCSwiftPackageProductDependency;
			productName = MIDIKit;
		};
/* End XCSwiftPackageProductDependency section */
	};
	rootObject = E230C49725AE7B31005DCB55 /* Project object */;
}
