// !$*UTF8*$!
{
	archiveVersion = 1;
	classes = {
	};
	objectVersion = 60;
	objects = {

/* Begin PBXBuildFile section */
		E20238362CC45EA700661322 /* MIDIKitCore in Frameworks */ = {isa = PBXBuildFile; productRef = E20238352CC45EA700661322 /* MIDIKitCore */; };
		E20238382CC45EA700661322 /* MIDIKitIO in Frameworks */ = {isa = PBXBuildFile; productRef = E20238372CC45EA700661322 /* MIDIKitIO */; };
		E26C0257285BFC8E00F64896 /* MIDIHelper.swift in Sources */ = {isa = PBXBuildFile; fileRef = E26C0256285BFC8E00F64896 /* MIDIHelper.swift */; };
		E27D0E63284F3FB600F43247 /* EventParsingApp.swift in Sources */ = {isa = PBXBuildFile; fileRef = E27D0E62284F3FB600F43247 /* EventParsingApp.swift */; };
		E27D0E65284F3FB600F43247 /* ContentView.swift in Sources */ = {isa = PBXBuildFile; fileRef = E27D0E64284F3FB600F43247 /* ContentView.swift */; };
		E29FF28F2880BB99005E2BC2 /* Images.xcassets in Resources */ = {isa = PBXBuildFile; fileRef = E29FF28E2880BB99005E2BC2 /* Images.xcassets */; };
		E2D7FF1C29754911003212AF /* SwiftRadix in Frameworks */ = {isa = PBXBuildFile; productRef = E2D7FF1B29754911003212AF /* SwiftRadix */; };
/* End PBXBuildFile section */

/* Begin PBXFileReference section */
		E21317212989B5B8008269AF /* EventParsing.entitlements */ = {isa = PBXFileReference; lastKnownFileType = text.plist.entitlements; path = EventParsing.entitlements; sourceTree = "<group>"; };
		E26C0256285BFC8E00F64896 /* MIDIHelper.swift */ = {isa = PBXFileReference; fileEncoding = 4; lastKnownFileType = sourcecode.swift; path = MIDIHelper.swift; sourceTree = "<group>"; };
		E27D0E5F284F3FB600F43247 /* EventParsing.app */ = {isa = PBXFileReference; explicitFileType = wrapper.application; includeInIndex = 0; path = EventParsing.app; sourceTree = BUILT_PRODUCTS_DIR; };
		E27D0E62284F3FB600F43247 /* EventParsingApp.swift */ = {isa = PBXFileReference; lastKnownFileType = sourcecode.swift; path = EventParsingApp.swift; sourceTree = "<group>"; };
		E27D0E64284F3FB600F43247 /* ContentView.swift */ = {isa = PBXFileReference; lastKnownFileType = sourcecode.swift; path = ContentView.swift; sourceTree = "<group>"; };
		E27D0E70284F402C00F43247 /* Info.plist */ = {isa = PBXFileReference; lastKnownFileType = text.plist; path = Info.plist; sourceTree = "<group>"; };
		E29A5E922852A16900E87812 /* README.md */ = {isa = PBXFileReference; lastKnownFileType = net.daringfireball.markdown; path = README.md; sourceTree = "<group>"; };
		E29FF28E2880BB99005E2BC2 /* Images.xcassets */ = {isa = PBXFileReference; lastKnownFileType = folder.assetcatalog; path = Images.xcassets; sourceTree = "<group>"; };
/* End PBXFileReference section */

/* Begin PBXFrameworksBuildPhase section */
		E27D0E5C284F3FB600F43247 /* Frameworks */ = {
			isa = PBXFrameworksBuildPhase;
			buildActionMask = 2147483647;
			files = (
				E20238382CC45EA700661322 /* MIDIKitIO in Frameworks */,
				E20238362CC45EA700661322 /* MIDIKitCore in Frameworks */,
				E2D7FF1C29754911003212AF /* SwiftRadix in Frameworks */,
			);
			runOnlyForDeploymentPostprocessing = 0;
		};
/* End PBXFrameworksBuildPhase section */

/* Begin PBXGroup section */
		E27D0E56284F3FB600F43247 = {
			isa = PBXGroup;
			children = (
				E29A5E922852A16900E87812 /* README.md */,
				E27D0E61284F3FB600F43247 /* EventParsing */,
				E27D0E60284F3FB600F43247 /* Products */,
			);
			sourceTree = "<group>";
		};
		E27D0E60284F3FB600F43247 /* Products */ = {
			isa = PBXGroup;
			children = (
				E27D0E5F284F3FB600F43247 /* EventParsing.app */,
			);
			name = Products;
			sourceTree = "<group>";
		};
		E27D0E61284F3FB600F43247 /* EventParsing */ = {
			isa = PBXGroup;
			children = (
				E27D0E62284F3FB600F43247 /* EventParsingApp.swift */,
				E26C0256285BFC8E00F64896 /* MIDIHelper.swift */,
				E27D0E64284F3FB600F43247 /* ContentView.swift */,
				E29FF28E2880BB99005E2BC2 /* Images.xcassets */,
				E27D0E70284F402C00F43247 /* Info.plist */,
				E21317212989B5B8008269AF /* EventParsing.entitlements */,
			);
			path = EventParsing;
			sourceTree = "<group>";
		};
/* End PBXGroup section */

/* Begin PBXNativeTarget section */
		E27D0E5E284F3FB600F43247 /* EventParsing */ = {
			isa = PBXNativeTarget;
			buildConfigurationList = E27D0E6D284F3FB700F43247 /* Build configuration list for PBXNativeTarget "EventParsing" */;
			buildPhases = (
				E27D0E5B284F3FB600F43247 /* Sources */,
				E27D0E5C284F3FB600F43247 /* Frameworks */,
				E27D0E5D284F3FB600F43247 /* Resources */,
			);
			buildRules = (
			);
			dependencies = (
			);
			name = EventParsing;
			packageProductDependencies = (
				E2D7FF1B29754911003212AF /* SwiftRadix */,
				E20238352CC45EA700661322 /* MIDIKitCore */,
				E20238372CC45EA700661322 /* MIDIKitIO */,
			);
			productName = EventParsing;
			productReference = E27D0E5F284F3FB600F43247 /* EventParsing.app */;
			productType = "com.apple.product-type.application";
		};
/* End PBXNativeTarget section */

/* Begin PBXProject section */
		E27D0E57284F3FB600F43247 /* Project object */ = {
			isa = PBXProject;
			attributes = {
				BuildIndependentTargetsInParallel = 1;
				LastSwiftUpdateCheck = 1400;
				LastUpgradeCheck = 1500;
				TargetAttributes = {
					E27D0E5E284F3FB600F43247 = {
						CreatedOnToolsVersion = 14.0;
					};
				};
			};
			buildConfigurationList = E27D0E5A284F3FB600F43247 /* Build configuration list for PBXProject "EventParsing" */;
			compatibilityVersion = "Xcode 11.0";
			developmentRegion = en;
			hasScannedForEncodings = 0;
			knownRegions = (
				en,
				Base,
			);
			mainGroup = E27D0E56284F3FB600F43247;
			packageReferences = (
				E2D7FF1A29754911003212AF /* XCRemoteSwiftPackageReference "SwiftRadix" */,
				E20238342CC45EA700661322 /* XCLocalSwiftPackageReference "../../../../MIDIKit" */,
			);
			productRefGroup = E27D0E60284F3FB600F43247 /* Products */;
			projectDirPath = "";
			projectRoot = "";
			targets = (
				E27D0E5E284F3FB600F43247 /* EventParsing */,
			);
		};
/* End PBXProject section */

/* Begin PBXResourcesBuildPhase section */
		E27D0E5D284F3FB600F43247 /* Resources */ = {
			isa = PBXResourcesBuildPhase;
			buildActionMask = 2147483647;
			files = (
				E29FF28F2880BB99005E2BC2 /* Images.xcassets in Resources */,
			);
			runOnlyForDeploymentPostprocessing = 0;
		};
/* End PBXResourcesBuildPhase section */

/* Begin PBXSourcesBuildPhase section */
		E27D0E5B284F3FB600F43247 /* Sources */ = {
			isa = PBXSourcesBuildPhase;
			buildActionMask = 2147483647;
			files = (
				E26C0257285BFC8E00F64896 /* MIDIHelper.swift in Sources */,
				E27D0E65284F3FB600F43247 /* ContentView.swift in Sources */,
				E27D0E63284F3FB600F43247 /* EventParsingApp.swift in Sources */,
			);
			runOnlyForDeploymentPostprocessing = 0;
		};
/* End PBXSourcesBuildPhase section */

/* Begin XCBuildConfiguration section */
		E27D0E6B284F3FB700F43247 /* Debug */ = {
			isa = XCBuildConfiguration;
			buildSettings = {
				ALWAYS_SEARCH_USER_PATHS = NO;
				ASSETCATALOG_COMPILER_GENERATE_SWIFT_ASSET_SYMBOL_EXTENSIONS = YES;
				CLANG_ANALYZER_NONNULL = YES;
				CLANG_ANALYZER_NUMBER_OBJECT_CONVERSION = YES_AGGRESSIVE;
				CLANG_CXX_LANGUAGE_STANDARD = "gnu++17";
				CLANG_ENABLE_MODULES = YES;
				CLANG_ENABLE_OBJC_ARC = YES;
				CLANG_ENABLE_OBJC_WEAK = YES;
				CLANG_WARN_BLOCK_CAPTURE_AUTORELEASING = YES;
				CLANG_WARN_BOOL_CONVERSION = YES;
				CLANG_WARN_COMMA = YES;
				CLANG_WARN_CONSTANT_CONVERSION = YES;
				CLANG_WARN_DEPRECATED_OBJC_IMPLEMENTATIONS = YES;
				CLANG_WARN_DIRECT_OBJC_ISA_USAGE = YES_ERROR;
				CLANG_WARN_DOCUMENTATION_COMMENTS = YES;
				CLANG_WARN_EMPTY_BODY = YES;
				CLANG_WARN_ENUM_CONVERSION = YES;
				CLANG_WARN_INFINITE_RECURSION = YES;
				CLANG_WARN_INT_CONVERSION = YES;
				CLANG_WARN_NON_LITERAL_NULL_CONVERSION = YES;
				CLANG_WARN_OBJC_IMPLICIT_RETAIN_SELF = YES;
				CLANG_WARN_OBJC_LITERAL_CONVERSION = YES;
				CLANG_WARN_OBJC_ROOT_CLASS = YES_ERROR;
				CLANG_WARN_QUOTED_INCLUDE_IN_FRAMEWORK_HEADER = YES;
				CLANG_WARN_RANGE_LOOP_ANALYSIS = YES;
				CLANG_WARN_STRICT_PROTOTYPES = YES;
				CLANG_WARN_SUSPICIOUS_MOVE = YES;
				CLANG_WARN_UNGUARDED_AVAILABILITY = YES_AGGRESSIVE;
				CLANG_WARN_UNREACHABLE_CODE = YES;
				CLANG_WARN__DUPLICATE_METHOD_MATCH = YES;
				COPY_PHASE_STRIP = NO;
				DEBUG_INFORMATION_FORMAT = dwarf;
				ENABLE_STRICT_OBJC_MSGSEND = YES;
				ENABLE_TESTABILITY = YES;
				ENABLE_USER_SCRIPT_SANDBOXING = YES;
				GCC_C_LANGUAGE_STANDARD = gnu11;
				GCC_DYNAMIC_NO_PIC = NO;
				GCC_NO_COMMON_BLOCKS = YES;
				GCC_OPTIMIZATION_LEVEL = 0;
				GCC_PREPROCESSOR_DEFINITIONS = (
					"DEBUG=1",
					"$(inherited)",
				);
				GCC_WARN_64_TO_32_BIT_CONVERSION = YES;
				GCC_WARN_ABOUT_RETURN_TYPE = YES_ERROR;
				GCC_WARN_UNDECLARED_SELECTOR = YES;
				GCC_WARN_UNINITIALIZED_AUTOS = YES_AGGRESSIVE;
				GCC_WARN_UNUSED_FUNCTION = YES;
				GCC_WARN_UNUSED_VARIABLE = YES;
				IPHONEOS_DEPLOYMENT_TARGET = 17.9;
				MACOSX_DEPLOYMENT_TARGET = 14.0;
				MTL_ENABLE_DEBUG_INFO = INCLUDE_SOURCE;
				MTL_FAST_MATH = YES;
				ONLY_ACTIVE_ARCH = YES;
				SDKROOT = iphoneos;
				SWIFT_ACTIVE_COMPILATION_CONDITIONS = DEBUG;
				SWIFT_OPTIMIZATION_LEVEL = "-Onone";
			};
			name = Debug;
		};
		E27D0E6C284F3FB700F43247 /* Release */ = {
			isa = XCBuildConfiguration;
			buildSettings = {
				ALWAYS_SEARCH_USER_PATHS = NO;
				ASSETCATALOG_COMPILER_GENERATE_SWIFT_ASSET_SYMBOL_EXTENSIONS = YES;
				CLANG_ANALYZER_NONNULL = YES;
				CLANG_ANALYZER_NUMBER_OBJECT_CONVERSION = YES_AGGRESSIVE;
				CLANG_CXX_LANGUAGE_STANDARD = "gnu++17";
				CLANG_ENABLE_MODULES = YES;
				CLANG_ENABLE_OBJC_ARC = YES;
				CLANG_ENABLE_OBJC_WEAK = YES;
				CLANG_WARN_BLOCK_CAPTURE_AUTORELEASING = YES;
				CLANG_WARN_BOOL_CONVERSION = YES;
				CLANG_WARN_COMMA = YES;
				CLANG_WARN_CONSTANT_CONVERSION = YES;
				CLANG_WARN_DEPRECATED_OBJC_IMPLEMENTATIONS = YES;
				CLANG_WARN_DIRECT_OBJC_ISA_USAGE = YES_ERROR;
				CLANG_WARN_DOCUMENTATION_COMMENTS = YES;
				CLANG_WARN_EMPTY_BODY = YES;
				CLANG_WARN_ENUM_CONVERSION = YES;
				CLANG_WARN_INFINITE_RECURSION = YES;
				CLANG_WARN_INT_CONVERSION = YES;
				CLANG_WARN_NON_LITERAL_NULL_CONVERSION = YES;
				CLANG_WARN_OBJC_IMPLICIT_RETAIN_SELF = YES;
				CLANG_WARN_OBJC_LITERAL_CONVERSION = YES;
				CLANG_WARN_OBJC_ROOT_CLASS = YES_ERROR;
				CLANG_WARN_QUOTED_INCLUDE_IN_FRAMEWORK_HEADER = YES;
				CLANG_WARN_RANGE_LOOP_ANALYSIS = YES;
				CLANG_WARN_STRICT_PROTOTYPES = YES;
				CLANG_WARN_SUSPICIOUS_MOVE = YES;
				CLANG_WARN_UNGUARDED_AVAILABILITY = YES_AGGRESSIVE;
				CLANG_WARN_UNREACHABLE_CODE = YES;
				CLANG_WARN__DUPLICATE_METHOD_MATCH = YES;
				COPY_PHASE_STRIP = NO;
				DEBUG_INFORMATION_FORMAT = "dwarf-with-dsym";
				ENABLE_NS_ASSERTIONS = NO;
				ENABLE_STRICT_OBJC_MSGSEND = YES;
				ENABLE_USER_SCRIPT_SANDBOXING = YES;
				GCC_C_LANGUAGE_STANDARD = gnu11;
				GCC_NO_COMMON_BLOCKS = YES;
				GCC_WARN_64_TO_32_BIT_CONVERSION = YES;
				GCC_WARN_ABOUT_RETURN_TYPE = YES_ERROR;
				GCC_WARN_UNDECLARED_SELECTOR = YES;
				GCC_WARN_UNINITIALIZED_AUTOS = YES_AGGRESSIVE;
				GCC_WARN_UNUSED_FUNCTION = YES;
				GCC_WARN_UNUSED_VARIABLE = YES;
				IPHONEOS_DEPLOYMENT_TARGET = 17.9;
				MACOSX_DEPLOYMENT_TARGET = 14.0;
				MTL_ENABLE_DEBUG_INFO = NO;
				MTL_FAST_MATH = YES;
				SDKROOT = iphoneos;
				SWIFT_COMPILATION_MODE = wholemodule;
				SWIFT_OPTIMIZATION_LEVEL = "-O";
				VALIDATE_PRODUCT = YES;
			};
			name = Release;
		};
		E27D0E6E284F3FB700F43247 /* Debug */ = {
			isa = XCBuildConfiguration;
			buildSettings = {
				ASSETCATALOG_COMPILER_APPICON_NAME = AppIcon;
				ASSETCATALOG_COMPILER_GLOBAL_ACCENT_COLOR_NAME = AccentColor;
				CODE_SIGN_ENTITLEMENTS = EventParsing/EventParsing.entitlements;
				"CODE_SIGN_IDENTITY[sdk=macosx*]" = "-";
				CODE_SIGN_STYLE = Automatic;
				CURRENT_PROJECT_VERSION = 1;
				DEVELOPMENT_TEAM = "";
				ENABLE_PREVIEWS = YES;
				GENERATE_INFOPLIST_FILE = YES;
				INFOPLIST_FILE = EventParsing/Info.plist;
				INFOPLIST_KEY_CFBundleDisplayName = "Event Parsing";
				INFOPLIST_KEY_LSApplicationCategoryType = "public.app-category.music";
				INFOPLIST_KEY_UIApplicationSceneManifest_Generation = YES;
				INFOPLIST_KEY_UIApplicationSupportsIndirectInputEvents = YES;
				INFOPLIST_KEY_UILaunchScreen_Generation = YES;
				INFOPLIST_KEY_UISupportedInterfaceOrientations = "UIInterfaceOrientationLandscapeLeft UIInterfaceOrientationLandscapeRight UIInterfaceOrientationPortrait UIInterfaceOrientationPortraitUpsideDown";
				LD_RUNPATH_SEARCH_PATHS = (
					"$(inherited)",
					"@executable_path/Frameworks",
				);
				MARKETING_VERSION = 1.0;
				PRODUCT_BUNDLE_IDENTIFIER = "com.orchetect.MIDIKit.EventParsing${DEVELOPMENT_TEAM}";
				PRODUCT_NAME = "$(TARGET_NAME)";
				SUPPORTED_PLATFORMS = "iphoneos iphonesimulator macosx xros xrsimulator";
				SUPPORTS_MACCATALYST = YES;
				SUPPORTS_MAC_DESIGNED_FOR_IPHONE_IPAD = YES;
				SUPPORTS_XR_DESIGNED_FOR_IPHONE_IPAD = NO;
				SWIFT_EMIT_LOC_STRINGS = YES;
				SWIFT_VERSION = 5.0;
				TARGETED_DEVICE_FAMILY = "1,2,7";
			};
			name = Debug;
		};
		E27D0E6F284F3FB700F43247 /* Release */ = {
			isa = XCBuildConfiguration;
			buildSettings = {
				ASSETCATALOG_COMPILER_APPICON_NAME = AppIcon;
				ASSETCATALOG_COMPILER_GLOBAL_ACCENT_COLOR_NAME = AccentColor;
				CODE_SIGN_ENTITLEMENTS = EventParsing/EventParsing.entitlements;
				"CODE_SIGN_IDENTITY[sdk=macosx*]" = "-";
				CODE_SIGN_STYLE = Automatic;
				CURRENT_PROJECT_VERSION = 1;
				DEVELOPMENT_TEAM = "";
				ENABLE_PREVIEWS = YES;
				GENERATE_INFOPLIST_FILE = YES;
				INFOPLIST_FILE = EventParsing/Info.plist;
				INFOPLIST_KEY_CFBundleDisplayName = "Event Parsing";
				INFOPLIST_KEY_LSApplicationCategoryType = "public.app-category.music";
				INFOPLIST_KEY_UIApplicationSceneManifest_Generation = YES;
				INFOPLIST_KEY_UIApplicationSupportsIndirectInputEvents = YES;
				INFOPLIST_KEY_UILaunchScreen_Generation = YES;
				INFOPLIST_KEY_UISupportedInterfaceOrientations = "UIInterfaceOrientationLandscapeLeft UIInterfaceOrientationLandscapeRight UIInterfaceOrientationPortrait UIInterfaceOrientationPortraitUpsideDown";
				LD_RUNPATH_SEARCH_PATHS = (
					"$(inherited)",
					"@executable_path/Frameworks",
				);
				MARKETING_VERSION = 1.0;
				PRODUCT_BUNDLE_IDENTIFIER = "com.orchetect.MIDIKit.EventParsing${DEVELOPMENT_TEAM}";
				PRODUCT_NAME = "$(TARGET_NAME)";
				SUPPORTED_PLATFORMS = "iphoneos iphonesimulator macosx xros xrsimulator";
				SUPPORTS_MACCATALYST = YES;
				SUPPORTS_MAC_DESIGNED_FOR_IPHONE_IPAD = YES;
				SUPPORTS_XR_DESIGNED_FOR_IPHONE_IPAD = NO;
				SWIFT_EMIT_LOC_STRINGS = YES;
				SWIFT_VERSION = 5.0;
				TARGETED_DEVICE_FAMILY = "1,2,7";
			};
			name = Release;
		};
/* End XCBuildConfiguration section */

/* Begin XCConfigurationList section */
		E27D0E5A284F3FB600F43247 /* Build configuration list for PBXProject "EventParsing" */ = {
			isa = XCConfigurationList;
			buildConfigurations = (
				E27D0E6B284F3FB700F43247 /* Debug */,
				E27D0E6C284F3FB700F43247 /* Release */,
			);
			defaultConfigurationIsVisible = 0;
			defaultConfigurationName = Release;
		};
		E27D0E6D284F3FB700F43247 /* Build configuration list for PBXNativeTarget "EventParsing" */ = {
			isa = XCConfigurationList;
			buildConfigurations = (
				E27D0E6E284F3FB700F43247 /* Debug */,
				E27D0E6F284F3FB700F43247 /* Release */,
			);
			defaultConfigurationIsVisible = 0;
			defaultConfigurationName = Release;
		};
/* End XCConfigurationList section */

/* Begin XCLocalSwiftPackageReference section */
		E20238342CC45EA700661322 /* XCLocalSwiftPackageReference "../../../../MIDIKit" */ = {
			isa = XCLocalSwiftPackageReference;
			relativePath = ../../../../MIDIKit;
		};
/* End XCLocalSwiftPackageReference section */

/* Begin XCRemoteSwiftPackageReference section */
		E2D7FF1A29754911003212AF /* XCRemoteSwiftPackageReference "SwiftRadix" */ = {
			isa = XCRemoteSwiftPackageReference;
			repositoryURL = "https://github.com/orchetect/SwiftRadix.git";
			requirement = {
				kind = upToNextMajorVersion;
				minimumVersion = 1.3.2;
			};
		};
/* End XCRemoteSwiftPackageReference section */

/* Begin XCSwiftPackageProductDependency section */
		E20238352CC45EA700661322 /* MIDIKitCore */ = {
			isa = XCSwiftPackageProductDependency;
			productName = MIDIKitCore;
		};
		E20238372CC45EA700661322 /* MIDIKitIO */ = {
			isa = XCSwiftPackageProductDependency;
			productName = MIDIKitIO;
		};
		E2D7FF1B29754911003212AF /* SwiftRadix */ = {
			isa = XCSwiftPackageProductDependency;
			package = E2D7FF1A29754911003212AF /* XCRemoteSwiftPackageReference "SwiftRadix" */;
			productName = SwiftRadix;
		};
/* End XCSwiftPackageProductDependency section */
	};
	rootObject = E27D0E57284F3FB600F43247 /* Project object */;
}
