// !$*UTF8*$!
{
	archiveVersion = 1;
	classes = {
	};
	objectVersion = 52;
	objects = {

/* Begin PBXBuildFile section */
		E21628E426E2DFF30022B66F /* Logger.swift in Sources */ = {isa = PBXBuildFile; fileRef = E21628E326E2DFF30022B66F /* Logger.swift */; };
		E24FF24528B97D8F000A2055 /* MIDIKitControlSurfaces in Frameworks */ = {isa = PBXBuildFile; productRef = E24FF24428B97D8F000A2055 /* MIDIKitControlSurfaces */; };
		E24FF24828B97DBF000A2055 /* MIDIKitIO in Frameworks */ = {isa = PBXBuildFile; productRef = E24FF24728B97DBF000A2055 /* MIDIKitIO */; };
		E283F0932740AF7E0037F199 /* RightSideView.swift in Sources */ = {isa = PBXBuildFile; fileRef = E283F0922740AF7E0037F199 /* RightSideView.swift */; };
		E283F0952740B5A60037F199 /* LeftSideView.swift in Sources */ = {isa = PBXBuildFile; fileRef = E283F0942740B5A60037F199 /* LeftSideView.swift */; };
		E283F0972740C8770037F199 /* Labels.swift in Sources */ = {isa = PBXBuildFile; fileRef = E283F0962740C8770037F199 /* Labels.swift */; };
		E283F0992740CD4B0037F199 /* RotaryKnob.swift in Sources */ = {isa = PBXBuildFile; fileRef = E283F0982740CD4B0037F199 /* RotaryKnob.swift */; };
		E283F0A1274101D50037F199 /* MeterBridgeView.swift in Sources */ = {isa = PBXBuildFile; fileRef = E283F0A0274101D50037F199 /* MeterBridgeView.swift */; };
		E283F0A3274101FD0037F199 /* LargeTextDisplayView.swift in Sources */ = {isa = PBXBuildFile; fileRef = E283F0A2274101FD0037F199 /* LargeTextDisplayView.swift */; };
		E283F0A5274102770037F199 /* ChannelStripView.swift in Sources */ = {isa = PBXBuildFile; fileRef = E283F0A4274102770037F199 /* ChannelStripView.swift */; };
		E283F0A7274102A60037F199 /* FaderView.swift in Sources */ = {isa = PBXBuildFile; fileRef = E283F0A6274102A60037F199 /* FaderView.swift */; };
		E283F0A9274102FF0037F199 /* ParameterEditAssignView.swift in Sources */ = {isa = PBXBuildFile; fileRef = E283F0A8274102FF0037F199 /* ParameterEditAssignView.swift */; };
		E283F0AB274103230037F199 /* FKeysView.swift in Sources */ = {isa = PBXBuildFile; fileRef = E283F0AA274103230037F199 /* FKeysView.swift */; };
		E283F0AD274103480037F199 /* SwitchMatrixView.swift in Sources */ = {isa = PBXBuildFile; fileRef = E283F0AC274103480037F199 /* SwitchMatrixView.swift */; };
		E283F0AF2741038A0037F199 /* MainTimeDisplayView.swift in Sources */ = {isa = PBXBuildFile; fileRef = E283F0AE2741038A0037F199 /* MainTimeDisplayView.swift */; };
		E283F0B1274103A30037F199 /* ControlRoomView.swift in Sources */ = {isa = PBXBuildFile; fileRef = E283F0B0274103A30037F199 /* ControlRoomView.swift */; };
		E283F0B3274103C80037F199 /* NumPadView.swift in Sources */ = {isa = PBXBuildFile; fileRef = E283F0B2274103C80037F199 /* NumPadView.swift */; };
		E283F0B5274103E00037F199 /* TransportView.swift in Sources */ = {isa = PBXBuildFile; fileRef = E283F0B4274103E00037F199 /* TransportView.swift */; };
		E284EBB626AE018F0016AA0F /* AppDelegate.swift in Sources */ = {isa = PBXBuildFile; fileRef = E284EBB526AE018F0016AA0F /* AppDelegate.swift */; };
		E284EBB826AE018F0016AA0F /* ContentView.swift in Sources */ = {isa = PBXBuildFile; fileRef = E284EBB726AE018F0016AA0F /* ContentView.swift */; };
		E284EBBA26AE01900016AA0F /* Assets.xcassets in Resources */ = {isa = PBXBuildFile; fileRef = E284EBB926AE01900016AA0F /* Assets.xcassets */; };
		E284EBBD26AE01900016AA0F /* Preview Assets.xcassets in Resources */ = {isa = PBXBuildFile; fileRef = E284EBBC26AE01900016AA0F /* Preview Assets.xcassets */; };
		E284EBC026AE01900016AA0F /* Main.storyboard in Resources */ = {isa = PBXBuildFile; fileRef = E284EBBE26AE01900016AA0F /* Main.storyboard */; };
		E284EBCC26AE01EA0016AA0F /* MomentaryButton.swift in Sources */ = {isa = PBXBuildFile; fileRef = E284EBCB26AE01EA0016AA0F /* MomentaryButton.swift */; };
		E284EBD226AE01F00016AA0F /* HUISurfaceView.swift in Sources */ = {isa = PBXBuildFile; fileRef = E284EBCF26AE01F00016AA0F /* HUISurfaceView.swift */; };
		E284EBD326AE01F00016AA0F /* MixerView.swift in Sources */ = {isa = PBXBuildFile; fileRef = E284EBD026AE01F00016AA0F /* MixerView.swift */; };
		E284EBD426AE01F00016AA0F /* TopView.swift in Sources */ = {isa = PBXBuildFile; fileRef = E284EBD126AE01F00016AA0F /* TopView.swift */; };
		E284EBD826AE02090016AA0F /* HUI Parameter Wrapper.swift in Sources */ = {isa = PBXBuildFile; fileRef = E284EBD726AE02090016AA0F /* HUI Parameter Wrapper.swift */; };
		E284EBDF26AE03D00016AA0F /* MIDIKitControlSurfaces in Frameworks */ = {isa = PBXBuildFile; productRef = E284EBDE26AE03D00016AA0F /* MIDIKitControlSurfaces */; };
/* End PBXBuildFile section */

/* Begin PBXFileReference section */
		E21628E326E2DFF30022B66F /* Logger.swift */ = {isa = PBXFileReference; lastKnownFileType = sourcecode.swift; path = Logger.swift; sourceTree = "<group>"; };
		E283F0922740AF7E0037F199 /* RightSideView.swift */ = {isa = PBXFileReference; fileEncoding = 4; lastKnownFileType = sourcecode.swift; path = RightSideView.swift; sourceTree = "<group>"; };
		E283F0942740B5A60037F199 /* LeftSideView.swift */ = {isa = PBXFileReference; fileEncoding = 4; lastKnownFileType = sourcecode.swift; path = LeftSideView.swift; sourceTree = "<group>"; };
		E283F0962740C8770037F199 /* Labels.swift */ = {isa = PBXFileReference; lastKnownFileType = sourcecode.swift; path = Labels.swift; sourceTree = "<group>"; };
		E283F0982740CD4B0037F199 /* RotaryKnob.swift */ = {isa = PBXFileReference; lastKnownFileType = sourcecode.swift; path = RotaryKnob.swift; sourceTree = "<group>"; };
		E283F0A0274101D50037F199 /* MeterBridgeView.swift */ = {isa = PBXFileReference; fileEncoding = 4; lastKnownFileType = sourcecode.swift; path = MeterBridgeView.swift; sourceTree = "<group>"; };
		E283F0A2274101FD0037F199 /* LargeTextDisplayView.swift */ = {isa = PBXFileReference; lastKnownFileType = sourcecode.swift; path = LargeTextDisplayView.swift; sourceTree = "<group>"; };
		E283F0A4274102770037F199 /* ChannelStripView.swift */ = {isa = PBXFileReference; fileEncoding = 4; lastKnownFileType = sourcecode.swift; path = ChannelStripView.swift; sourceTree = "<group>"; };
		E283F0A6274102A60037F199 /* FaderView.swift */ = {isa = PBXFileReference; fileEncoding = 4; lastKnownFileType = sourcecode.swift; path = FaderView.swift; sourceTree = "<group>"; };
		E283F0A8274102FF0037F199 /* ParameterEditAssignView.swift */ = {isa = PBXFileReference; fileEncoding = 4; lastKnownFileType = sourcecode.swift; path = ParameterEditAssignView.swift; sourceTree = "<group>"; };
		E283F0AA274103230037F199 /* FKeysView.swift */ = {isa = PBXFileReference; fileEncoding = 4; lastKnownFileType = sourcecode.swift; path = FKeysView.swift; sourceTree = "<group>"; };
		E283F0AC274103480037F199 /* SwitchMatrixView.swift */ = {isa = PBXFileReference; lastKnownFileType = sourcecode.swift; path = SwitchMatrixView.swift; sourceTree = "<group>"; };
		E283F0AE2741038A0037F199 /* MainTimeDisplayView.swift */ = {isa = PBXFileReference; lastKnownFileType = sourcecode.swift; path = MainTimeDisplayView.swift; sourceTree = "<group>"; };
		E283F0B0274103A30037F199 /* ControlRoomView.swift */ = {isa = PBXFileReference; lastKnownFileType = sourcecode.swift; path = ControlRoomView.swift; sourceTree = "<group>"; };
		E283F0B2274103C80037F199 /* NumPadView.swift */ = {isa = PBXFileReference; lastKnownFileType = sourcecode.swift; path = NumPadView.swift; sourceTree = "<group>"; };
		E283F0B4274103E00037F199 /* TransportView.swift */ = {isa = PBXFileReference; lastKnownFileType = sourcecode.swift; path = TransportView.swift; sourceTree = "<group>"; };
		E284EBB226AE018F0016AA0F /* HUISurface.app */ = {isa = PBXFileReference; explicitFileType = wrapper.application; includeInIndex = 0; path = HUISurface.app; sourceTree = BUILT_PRODUCTS_DIR; };
		E284EBB526AE018F0016AA0F /* AppDelegate.swift */ = {isa = PBXFileReference; lastKnownFileType = sourcecode.swift; path = AppDelegate.swift; sourceTree = "<group>"; };
		E284EBB726AE018F0016AA0F /* ContentView.swift */ = {isa = PBXFileReference; lastKnownFileType = sourcecode.swift; path = ContentView.swift; sourceTree = "<group>"; };
		E284EBB926AE01900016AA0F /* Assets.xcassets */ = {isa = PBXFileReference; lastKnownFileType = folder.assetcatalog; path = Assets.xcassets; sourceTree = "<group>"; };
		E284EBBC26AE01900016AA0F /* Preview Assets.xcassets */ = {isa = PBXFileReference; lastKnownFileType = folder.assetcatalog; path = "Preview Assets.xcassets"; sourceTree = "<group>"; };
		E284EBBF26AE01900016AA0F /* Base */ = {isa = PBXFileReference; lastKnownFileType = file.storyboard; name = Base; path = Base.lproj/Main.storyboard; sourceTree = "<group>"; };
		E284EBC126AE01900016AA0F /* Info.plist */ = {isa = PBXFileReference; lastKnownFileType = text.plist.xml; path = Info.plist; sourceTree = "<group>"; };
		E284EBC226AE01900016AA0F /* HUISurface.entitlements */ = {isa = PBXFileReference; lastKnownFileType = text.plist.entitlements; path = HUISurface.entitlements; sourceTree = "<group>"; };
		E284EBCB26AE01EA0016AA0F /* MomentaryButton.swift */ = {isa = PBXFileReference; fileEncoding = 4; lastKnownFileType = sourcecode.swift; path = MomentaryButton.swift; sourceTree = "<group>"; };
		E284EBCF26AE01F00016AA0F /* HUISurfaceView.swift */ = {isa = PBXFileReference; fileEncoding = 4; lastKnownFileType = sourcecode.swift; path = HUISurfaceView.swift; sourceTree = "<group>"; };
		E284EBD026AE01F00016AA0F /* MixerView.swift */ = {isa = PBXFileReference; fileEncoding = 4; lastKnownFileType = sourcecode.swift; path = MixerView.swift; sourceTree = "<group>"; };
		E284EBD126AE01F00016AA0F /* TopView.swift */ = {isa = PBXFileReference; fileEncoding = 4; lastKnownFileType = sourcecode.swift; path = TopView.swift; sourceTree = "<group>"; };
		E284EBD726AE02090016AA0F /* HUI Parameter Wrapper.swift */ = {isa = PBXFileReference; fileEncoding = 4; lastKnownFileType = sourcecode.swift; path = "HUI Parameter Wrapper.swift"; sourceTree = "<group>"; };
/* End PBXFileReference section */

/* Begin PBXFrameworksBuildPhase section */
		E284EBAF26AE018F0016AA0F /* Frameworks */ = {
			isa = PBXFrameworksBuildPhase;
			buildActionMask = 2147483647;
			files = (
				E24FF24528B97D8F000A2055 /* MIDIKitControlSurfaces in Frameworks */,
				E24FF24828B97DBF000A2055 /* MIDIKitIO in Frameworks */,
				E284EBDF26AE03D00016AA0F /* MIDIKitControlSurfaces in Frameworks */,
			);
			runOnlyForDeploymentPostprocessing = 0;
		};
/* End PBXFrameworksBuildPhase section */

/* Begin PBXGroup section */
		E283F09C274101850037F199 /* TopView */ = {
			isa = PBXGroup;
			children = (
				E284EBD126AE01F00016AA0F /* TopView.swift */,
				E283F0A0274101D50037F199 /* MeterBridgeView.swift */,
				E283F0A2274101FD0037F199 /* LargeTextDisplayView.swift */,
			);
			path = TopView;
			sourceTree = "<group>";
		};
		E283F09D274101900037F199 /* LeftSideView */ = {
			isa = PBXGroup;
			children = (
				E283F0942740B5A60037F199 /* LeftSideView.swift */,
			);
			path = LeftSideView;
			sourceTree = "<group>";
		};
		E283F09E274101A10037F199 /* MixerView */ = {
			isa = PBXGroup;
			children = (
				E284EBD026AE01F00016AA0F /* MixerView.swift */,
				E283F0A4274102770037F199 /* ChannelStripView.swift */,
				E283F0A6274102A60037F199 /* FaderView.swift */,
			);
			path = MixerView;
			sourceTree = "<group>";
		};
		E283F09F274101A80037F199 /* RightSideView */ = {
			isa = PBXGroup;
			children = (
				E283F0922740AF7E0037F199 /* RightSideView.swift */,
				E283F0A8274102FF0037F199 /* ParameterEditAssignView.swift */,
				E283F0AA274103230037F199 /* FKeysView.swift */,
				E283F0AC274103480037F199 /* SwitchMatrixView.swift */,
				E283F0AE2741038A0037F199 /* MainTimeDisplayView.swift */,
				E283F0B0274103A30037F199 /* ControlRoomView.swift */,
				E283F0B2274103C80037F199 /* NumPadView.swift */,
				E283F0B4274103E00037F199 /* TransportView.swift */,
			);
			path = RightSideView;
			sourceTree = "<group>";
		};
		E284EBA926AE018F0016AA0F = {
			isa = PBXGroup;
			children = (
				E284EBB426AE018F0016AA0F /* HUISurface */,
				E284EBB326AE018F0016AA0F /* Products */,
			);
			sourceTree = "<group>";
		};
		E284EBB326AE018F0016AA0F /* Products */ = {
			isa = PBXGroup;
			children = (
				E284EBB226AE018F0016AA0F /* HUISurface.app */,
			);
			name = Products;
			sourceTree = "<group>";
		};
		E284EBB426AE018F0016AA0F /* HUISurface */ = {
			isa = PBXGroup;
			children = (
				E284EBB526AE018F0016AA0F /* AppDelegate.swift */,
				E284EBB726AE018F0016AA0F /* ContentView.swift */,
				E284EBCE26AE01F00016AA0F /* HUISurfaceView */,
				E284EBCA26AE01EA0016AA0F /* Control Views */,
				E284EBD726AE02090016AA0F /* HUI Parameter Wrapper.swift */,
				E21628E326E2DFF30022B66F /* Logger.swift */,
				E284EBBE26AE01900016AA0F /* Main.storyboard */,
				E284EBC126AE01900016AA0F /* Info.plist */,
				E284EBB926AE01900016AA0F /* Assets.xcassets */,
				E284EBC226AE01900016AA0F /* HUISurface.entitlements */,
				E284EBBB26AE01900016AA0F /* Preview Content */,
			);
			path = HUISurface;
			sourceTree = "<group>";
		};
		E284EBBB26AE01900016AA0F /* Preview Content */ = {
			isa = PBXGroup;
			children = (
				E284EBBC26AE01900016AA0F /* Preview Assets.xcassets */,
			);
			path = "Preview Content";
			sourceTree = "<group>";
		};
		E284EBCA26AE01EA0016AA0F /* Control Views */ = {
			isa = PBXGroup;
			children = (
				E283F0962740C8770037F199 /* Labels.swift */,
				E284EBCB26AE01EA0016AA0F /* MomentaryButton.swift */,
				E283F0982740CD4B0037F199 /* RotaryKnob.swift */,
			);
			path = "Control Views";
			sourceTree = "<group>";
		};
		E284EBCE26AE01F00016AA0F /* HUISurfaceView */ = {
			isa = PBXGroup;
			children = (
				E284EBCF26AE01F00016AA0F /* HUISurfaceView.swift */,
				E283F09C274101850037F199 /* TopView */,
				E283F09D274101900037F199 /* LeftSideView */,
				E283F09E274101A10037F199 /* MixerView */,
				E283F09F274101A80037F199 /* RightSideView */,
			);
			path = HUISurfaceView;
			sourceTree = "<group>";
		};
/* End PBXGroup section */

/* Begin PBXNativeTarget section */
		E284EBB126AE018F0016AA0F /* HUISurface */ = {
			isa = PBXNativeTarget;
			buildConfigurationList = E284EBC526AE01900016AA0F /* Build configuration list for PBXNativeTarget "HUISurface" */;
			buildPhases = (
				E284EBAE26AE018F0016AA0F /* Sources */,
				E284EBAF26AE018F0016AA0F /* Frameworks */,
				E284EBB026AE018F0016AA0F /* Resources */,
			);
			buildRules = (
			);
			dependencies = (
			);
			name = HUISurface;
			packageProductDependencies = (
				E284EBDE26AE03D00016AA0F /* MIDIKitControlSurfaces */,
				E24FF24428B97D8F000A2055 /* MIDIKitControlSurfaces */,
				E24FF24728B97DBF000A2055 /* MIDIKitIO */,
			);
			productName = HUISurface;
			productReference = E284EBB226AE018F0016AA0F /* HUISurface.app */;
			productType = "com.apple.product-type.application";
		};
/* End PBXNativeTarget section */

/* Begin PBXProject section */
		E284EBAA26AE018F0016AA0F /* Project object */ = {
			isa = PBXProject;
			attributes = {
				LastSwiftUpdateCheck = 1240;
				LastUpgradeCheck = 1400;
				TargetAttributes = {
					E284EBB126AE018F0016AA0F = {
						CreatedOnToolsVersion = 12.4;
					};
				};
			};
			buildConfigurationList = E284EBAD26AE018F0016AA0F /* Build configuration list for PBXProject "HUISurface" */;
			compatibilityVersion = "Xcode 9.3";
			developmentRegion = en;
			hasScannedForEncodings = 0;
			knownRegions = (
				en,
				Base,
			);
			mainGroup = E284EBA926AE018F0016AA0F;
			packageReferences = (
				E24FF24328B97D8F000A2055 /* XCRemoteSwiftPackageReference "MIDIKit" */,
			);
			productRefGroup = E284EBB326AE018F0016AA0F /* Products */;
			projectDirPath = "";
			projectRoot = "";
			targets = (
				E284EBB126AE018F0016AA0F /* HUISurface */,
			);
		};
/* End PBXProject section */

/* Begin PBXResourcesBuildPhase section */
		E284EBB026AE018F0016AA0F /* Resources */ = {
			isa = PBXResourcesBuildPhase;
			buildActionMask = 2147483647;
			files = (
				E284EBC026AE01900016AA0F /* Main.storyboard in Resources */,
				E284EBBD26AE01900016AA0F /* Preview Assets.xcassets in Resources */,
				E284EBBA26AE01900016AA0F /* Assets.xcassets in Resources */,
			);
			runOnlyForDeploymentPostprocessing = 0;
		};
/* End PBXResourcesBuildPhase section */

/* Begin PBXSourcesBuildPhase section */
		E284EBAE26AE018F0016AA0F /* Sources */ = {
			isa = PBXSourcesBuildPhase;
			buildActionMask = 2147483647;
			files = (
				E283F0A3274101FD0037F199 /* LargeTextDisplayView.swift in Sources */,
				E284EBCC26AE01EA0016AA0F /* MomentaryButton.swift in Sources */,
				E284EBD826AE02090016AA0F /* HUI Parameter Wrapper.swift in Sources */,
				E283F0B5274103E00037F199 /* TransportView.swift in Sources */,
				E283F0B3274103C80037F199 /* NumPadView.swift in Sources */,
				E283F0A9274102FF0037F199 /* ParameterEditAssignView.swift in Sources */,
				E284EBD226AE01F00016AA0F /* HUISurfaceView.swift in Sources */,
				E283F0AB274103230037F199 /* FKeysView.swift in Sources */,
				E283F0A1274101D50037F199 /* MeterBridgeView.swift in Sources */,
				E283F0AD274103480037F199 /* SwitchMatrixView.swift in Sources */,
				E283F0A5274102770037F199 /* ChannelStripView.swift in Sources */,
				E284EBB826AE018F0016AA0F /* ContentView.swift in Sources */,
				E283F0A7274102A60037F199 /* FaderView.swift in Sources */,
				E284EBB626AE018F0016AA0F /* AppDelegate.swift in Sources */,
				E284EBD426AE01F00016AA0F /* TopView.swift in Sources */,
				E284EBD326AE01F00016AA0F /* MixerView.swift in Sources */,
				E283F0932740AF7E0037F199 /* RightSideView.swift in Sources */,
				E283F0952740B5A60037F199 /* LeftSideView.swift in Sources */,
				E283F0B1274103A30037F199 /* ControlRoomView.swift in Sources */,
				E21628E426E2DFF30022B66F /* Logger.swift in Sources */,
				E283F0AF2741038A0037F199 /* MainTimeDisplayView.swift in Sources */,
				E283F0992740CD4B0037F199 /* RotaryKnob.swift in Sources */,
				E283F0972740C8770037F199 /* Labels.swift in Sources */,
			);
			runOnlyForDeploymentPostprocessing = 0;
		};
/* End PBXSourcesBuildPhase section */

/* Begin PBXVariantGroup section */
		E284EBBE26AE01900016AA0F /* Main.storyboard */ = {
			isa = PBXVariantGroup;
			children = (
				E284EBBF26AE01900016AA0F /* Base */,
			);
			name = Main.storyboard;
			sourceTree = "<group>";
		};
/* End PBXVariantGroup section */

/* Begin XCBuildConfiguration section */
		E284EBC326AE01900016AA0F /* Debug */ = {
			isa = XCBuildConfiguration;
			buildSettings = {
				ALWAYS_SEARCH_USER_PATHS = NO;
				CLANG_ANALYZER_NONNULL = YES;
				CLANG_ANALYZER_NUMBER_OBJECT_CONVERSION = YES_AGGRESSIVE;
				CLANG_CXX_LANGUAGE_STANDARD = "gnu++14";
				CLANG_CXX_LIBRARY = "libc++";
				CLANG_ENABLE_MODULES = YES;
				CLANG_ENABLE_OBJC_ARC = YES;
				CLANG_ENABLE_OBJC_WEAK = YES;
				CLANG_WARN_BLOCK_CAPTURE_AUTORELEASING = YES;
				CLANG_WARN_BOOL_CONVERSION = YES;
				CLANG_WARN_COMMA = YES;
				CLANG_WARN_CONSTANT_CONVERSION = YES;
				CLANG_WARN_DEPRECATED_OBJC_IMPLEMENTATIONS = YES;
				CLANG_WARN_DIRECT_OBJC_ISA_USAGE = YES_ERROR;
				CLANG_WARN_DOCUMENTATION_COMMENTS = YES;
				CLANG_WARN_EMPTY_BODY = YES;
				CLANG_WARN_ENUM_CONVERSION = YES;
				CLANG_WARN_INFINITE_RECURSION = YES;
				CLANG_WARN_INT_CONVERSION = YES;
				CLANG_WARN_NON_LITERAL_NULL_CONVERSION = YES;
				CLANG_WARN_OBJC_IMPLICIT_RETAIN_SELF = YES;
				CLANG_WARN_OBJC_LITERAL_CONVERSION = YES;
				CLANG_WARN_OBJC_ROOT_CLASS = YES_ERROR;
				CLANG_WARN_QUOTED_INCLUDE_IN_FRAMEWORK_HEADER = YES;
				CLANG_WARN_RANGE_LOOP_ANALYSIS = YES;
				CLANG_WARN_STRICT_PROTOTYPES = YES;
				CLANG_WARN_SUSPICIOUS_MOVE = YES;
				CLANG_WARN_UNGUARDED_AVAILABILITY = YES_AGGRESSIVE;
				CLANG_WARN_UNREACHABLE_CODE = YES;
				CLANG_WARN__DUPLICATE_METHOD_MATCH = YES;
				COPY_PHASE_STRIP = NO;
				DEAD_CODE_STRIPPING = YES;
				DEBUG_INFORMATION_FORMAT = dwarf;
				ENABLE_STRICT_OBJC_MSGSEND = YES;
				ENABLE_TESTABILITY = YES;
				GCC_C_LANGUAGE_STANDARD = gnu11;
				GCC_DYNAMIC_NO_PIC = NO;
				GCC_NO_COMMON_BLOCKS = YES;
				GCC_OPTIMIZATION_LEVEL = 0;
				GCC_PREPROCESSOR_DEFINITIONS = (
					"DEBUG=1",
					"$(inherited)",
				);
				GCC_WARN_64_TO_32_BIT_CONVERSION = YES;
				GCC_WARN_ABOUT_RETURN_TYPE = YES_ERROR;
				GCC_WARN_UNDECLARED_SELECTOR = YES;
				GCC_WARN_UNINITIALIZED_AUTOS = YES_AGGRESSIVE;
				GCC_WARN_UNUSED_FUNCTION = YES;
				GCC_WARN_UNUSED_VARIABLE = YES;
				MACOSX_DEPLOYMENT_TARGET = 11.0;
				MTL_ENABLE_DEBUG_INFO = INCLUDE_SOURCE;
				MTL_FAST_MATH = YES;
				ONLY_ACTIVE_ARCH = YES;
				SDKROOT = macosx;
				SWIFT_ACTIVE_COMPILATION_CONDITIONS = DEBUG;
				SWIFT_OPTIMIZATION_LEVEL = "-Onone";
			};
			name = Debug;
		};
		E284EBC426AE01900016AA0F /* Release */ = {
			isa = XCBuildConfiguration;
			buildSettings = {
				ALWAYS_SEARCH_USER_PATHS = NO;
				CLANG_ANALYZER_NONNULL = YES;
				CLANG_ANALYZER_NUMBER_OBJECT_CONVERSION = YES_AGGRESSIVE;
				CLANG_CXX_LANGUAGE_STANDARD = "gnu++14";
				CLANG_CXX_LIBRARY = "libc++";
				CLANG_ENABLE_MODULES = YES;
				CLANG_ENABLE_OBJC_ARC = YES;
				CLANG_ENABLE_OBJC_WEAK = YES;
				CLANG_WARN_BLOCK_CAPTURE_AUTORELEASING = YES;
				CLANG_WARN_BOOL_CONVERSION = YES;
				CLANG_WARN_COMMA = YES;
				CLANG_WARN_CONSTANT_CONVERSION = YES;
				CLANG_WARN_DEPRECATED_OBJC_IMPLEMENTATIONS = YES;
				CLANG_WARN_DIRECT_OBJC_ISA_USAGE = YES_ERROR;
				CLANG_WARN_DOCUMENTATION_COMMENTS = YES;
				CLANG_WARN_EMPTY_BODY = YES;
				CLANG_WARN_ENUM_CONVERSION = YES;
				CLANG_WARN_INFINITE_RECURSION = YES;
				CLANG_WARN_INT_CONVERSION = YES;
				CLANG_WARN_NON_LITERAL_NULL_CONVERSION = YES;
				CLANG_WARN_OBJC_IMPLICIT_RETAIN_SELF = YES;
				CLANG_WARN_OBJC_LITERAL_CONVERSION = YES;
				CLANG_WARN_OBJC_ROOT_CLASS = YES_ERROR;
				CLANG_WARN_QUOTED_INCLUDE_IN_FRAMEWORK_HEADER = YES;
				CLANG_WARN_RANGE_LOOP_ANALYSIS = YES;
				CLANG_WARN_STRICT_PROTOTYPES = YES;
				CLANG_WARN_SUSPICIOUS_MOVE = YES;
				CLANG_WARN_UNGUARDED_AVAILABILITY = YES_AGGRESSIVE;
				CLANG_WARN_UNREACHABLE_CODE = YES;
				CLANG_WARN__DUPLICATE_METHOD_MATCH = YES;
				COPY_PHASE_STRIP = NO;
				DEAD_CODE_STRIPPING = YES;
				DEBUG_INFORMATION_FORMAT = "dwarf-with-dsym";
				ENABLE_NS_ASSERTIONS = NO;
				ENABLE_STRICT_OBJC_MSGSEND = YES;
				GCC_C_LANGUAGE_STANDARD = gnu11;
				GCC_NO_COMMON_BLOCKS = YES;
				GCC_WARN_64_TO_32_BIT_CONVERSION = YES;
				GCC_WARN_ABOUT_RETURN_TYPE = YES_ERROR;
				GCC_WARN_UNDECLARED_SELECTOR = YES;
				GCC_WARN_UNINITIALIZED_AUTOS = YES_AGGRESSIVE;
				GCC_WARN_UNUSED_FUNCTION = YES;
				GCC_WARN_UNUSED_VARIABLE = YES;
				MACOSX_DEPLOYMENT_TARGET = 11.0;
				MTL_ENABLE_DEBUG_INFO = NO;
				MTL_FAST_MATH = YES;
				SDKROOT = macosx;
				SWIFT_COMPILATION_MODE = wholemodule;
				SWIFT_OPTIMIZATION_LEVEL = "-O";
			};
			name = Release;
		};
		E284EBC626AE01900016AA0F /* Debug */ = {
			isa = XCBuildConfiguration;
			buildSettings = {
				ASSETCATALOG_COMPILER_APPICON_NAME = AppIcon;
				ASSETCATALOG_COMPILER_GLOBAL_ACCENT_COLOR_NAME = AccentColor;
				CODE_SIGN_ENTITLEMENTS = HUISurface/HUISurface.entitlements;
				CODE_SIGN_STYLE = Automatic;
				COMBINE_HIDPI_IMAGES = YES;
				CURRENT_PROJECT_VERSION = 1;
				DEAD_CODE_STRIPPING = YES;
				DEVELOPMENT_ASSET_PATHS = "\"HUISurface/Preview Content\"";
				DEVELOPMENT_TEAM = "";
				ENABLE_HARDENED_RUNTIME = NO;
				ENABLE_PREVIEWS = YES;
				GCC_OPTIMIZATION_LEVEL = 3;
				INFOPLIST_FILE = HUISurface/Info.plist;
				INFOPLIST_KEY_CFBundleDisplayName = "HUI Surface";
				INFOPLIST_KEY_LSApplicationCategoryType = "public.app-category.music";
				LD_RUNPATH_SEARCH_PATHS = (
					"$(inherited)",
					"@executable_path/../Frameworks",
				);
				MARKETING_VERSION = 1.0;
				PRODUCT_BUNDLE_IDENTIFIER = "com.orchetect.HUISurface${DEVELOPMENT_TEAM}";
				PRODUCT_NAME = "$(TARGET_NAME)";
				SWIFT_OPTIMIZATION_LEVEL = "-Onone";
				SWIFT_VERSION = 5.0;
			};
			name = Debug;
		};
		E284EBC726AE01900016AA0F /* Release */ = {
			isa = XCBuildConfiguration;
			buildSettings = {
				ASSETCATALOG_COMPILER_APPICON_NAME = AppIcon;
				ASSETCATALOG_COMPILER_GLOBAL_ACCENT_COLOR_NAME = AccentColor;
				CODE_SIGN_ENTITLEMENTS = HUISurface/HUISurface.entitlements;
				CODE_SIGN_STYLE = Automatic;
				COMBINE_HIDPI_IMAGES = YES;
				CURRENT_PROJECT_VERSION = 1;
				DEAD_CODE_STRIPPING = YES;
				DEVELOPMENT_ASSET_PATHS = "\"HUISurface/Preview Content\"";
				DEVELOPMENT_TEAM = "";
				ENABLE_HARDENED_RUNTIME = NO;
				ENABLE_PREVIEWS = YES;
				GCC_OPTIMIZATION_LEVEL = fast;
				INFOPLIST_FILE = HUISurface/Info.plist;
				INFOPLIST_KEY_CFBundleDisplayName = "HUI Surface";
				INFOPLIST_KEY_LSApplicationCategoryType = "public.app-category.music";
				LD_RUNPATH_SEARCH_PATHS = (
					"$(inherited)",
					"@executable_path/../Frameworks",
				);
				MARKETING_VERSION = 1.0;
				PRODUCT_BUNDLE_IDENTIFIER = "com.orchetect.HUISurface${DEVELOPMENT_TEAM}";
				PRODUCT_NAME = "$(TARGET_NAME)";
				SWIFT_OPTIMIZATION_LEVEL = "-Onone";
				SWIFT_VERSION = 5.0;
			};
			name = Release;
		};
/* End XCBuildConfiguration section */

/* Begin XCConfigurationList section */
		E284EBAD26AE018F0016AA0F /* Build configuration list for PBXProject "HUISurface" */ = {
			isa = XCConfigurationList;
			buildConfigurations = (
				E284EBC326AE01900016AA0F /* Debug */,
				E284EBC426AE01900016AA0F /* Release */,
			);
			defaultConfigurationIsVisible = 0;
			defaultConfigurationName = Release;
		};
		E284EBC526AE01900016AA0F /* Build configuration list for PBXNativeTarget "HUISurface" */ = {
			isa = XCConfigurationList;
			buildConfigurations = (
				E284EBC626AE01900016AA0F /* Debug */,
				E284EBC726AE01900016AA0F /* Release */,
			);
			defaultConfigurationIsVisible = 0;
			defaultConfigurationName = Release;
		};
/* End XCConfigurationList section */

/* Begin XCRemoteSwiftPackageReference section */
		E24FF24328B97D8F000A2055 /* XCRemoteSwiftPackageReference "MIDIKit" */ = {
			isa = XCRemoteSwiftPackageReference;
			repositoryURL = "https://github.com/orchetect/MIDIKit";
			requirement = {
				kind = upToNextMajorVersion;
				minimumVersion = 0.6.0;
			};
		};
/* End XCRemoteSwiftPackageReference section */

/* Begin XCSwiftPackageProductDependency section */
		E24FF24428B97D8F000A2055 /* MIDIKitControlSurfaces */ = {
			isa = XCSwiftPackageProductDependency;
			package = E24FF24328B97D8F000A2055 /* XCRemoteSwiftPackageReference "MIDIKit" */;
			productName = MIDIKitControlSurfaces;
		};
		E24FF24728B97DBF000A2055 /* MIDIKitIO */ = {
			isa = XCSwiftPackageProductDependency;
			package = E24FF24328B97D8F000A2055 /* XCRemoteSwiftPackageReference "MIDIKit" */;
			productName = MIDIKitIO;
		};
		E284EBDE26AE03D00016AA0F /* MIDIKitControlSurfaces */ = {
			isa = XCSwiftPackageProductDependency;
			productName = MIDIKitControlSurfaces;
		};
/* End XCSwiftPackageProductDependency section */
	};
	rootObject = E284EBAA26AE018F0016AA0F /* Project object */;
}
